// !$*UTF8*$!
{
	archiveVersion = 1;
	classes = {
	};
	objectVersion = 54;
	objects = {

/* Begin PBXBuildFile section */
		0D500EBE09A6E38A272B0733 /* BrowserStartPageView.swift in Sources */ = {isa = PBXBuildFile; fileRef = D76CFD688C6FEFB4356EDBF2 /* BrowserStartPageView.swift */; };
		0E9EAAAA53C75022BA7F2B52 /* PlotterUITests.swift in Sources */ = {isa = PBXBuildFile; fileRef = BA0D0B9E48653778D28F00CA /* PlotterUITests.swift */; };
		1229285BE969EB6EE4F9791C /* PlotterApp.swift in Sources */ = {isa = PBXBuildFile; fileRef = 41E92ECD46F1C55A41F9D826 /* PlotterApp.swift */; };
		13C9132C3576A1EDE88F94AE /* SecureChannelResponder.swift in Sources */ = {isa = PBXBuildFile; fileRef = 1276A49AF5B79B2DF90F9A4F /* SecureChannelResponder.swift */; };
		18FED2F1C7DFB765BE7F8A53 /* DevicePaneView.swift in Sources */ = {isa = PBXBuildFile; fileRef = E7B90338AE3A8F5EE0CA12C6 /* DevicePaneView.swift */; };
		1A278D4E89A91729E34FC9BE /* PlotterActivityController.swift in Sources */ = {isa = PBXBuildFile; fileRef = DFE92003FF31404674DF96FD /* PlotterActivityController.swift */; };
		1A974E3908CCE01E060E0EAB /* MirrorModel.swift in Sources */ = {isa = PBXBuildFile; fileRef = 6FA9E73F04BF651090F9D625 /* MirrorModel.swift */; };
		1C0AED863F4441C1880AD91D /* ReliableMessenger.swift in Sources */ = {isa = PBXBuildFile; fileRef = 271D385A8DA926A540CE6710 /* ReliableMessenger.swift */; };
		1CA7F3A0C7FE6D35905BADD4 /* MouseBridge.swift in Sources */ = {isa = PBXBuildFile; fileRef = 3BA97D476477BE66A97A9D77 /* MouseBridge.swift */; };
		1D5F70DCFE144EB480C64B17 /* ContentView.swift in Sources */ = {isa = PBXBuildFile; fileRef = 132CB022A0BDFF0DE96316EF /* ContentView.swift */; };
		1E52F4B58A701BDEFF78E2D0 /* Note.swift in Sources */ = {isa = PBXBuildFile; fileRef = DFC9BB0F198A6D5E8298B3E1 /* Note.swift */; };
		1F253D4F3DCD296F823A2E74 /* Assets.xcassets in Resources */ = {isa = PBXBuildFile; fileRef = 7D00A3F70E212149A88CCD63 /* Assets.xcassets */; };
		20E32E80EFDFEC4BAE8E5966 /* SecureChannelResponder.swift in Sources */ = {isa = PBXBuildFile; fileRef = 1276A49AF5B79B2DF90F9A4F /* SecureChannelResponder.swift */; };
		224F34F95C680F2F2962C733 /* SnapshotHelper.swift in Sources */ = {isa = PBXBuildFile; fileRef = BB0512C0240EE6A1F6AC5063 /* SnapshotHelper.swift */; };
		250AC69F8F2717E2E522BF96 /* NoiseIKHandshake.swift in Sources */ = {isa = PBXBuildFile; fileRef = 2886FAAE474AA84072FD5172 /* NoiseIKHandshake.swift */; };
		25476346FC517A4BD788D76B /* SignalingClient.swift in Sources */ = {isa = PBXBuildFile; fileRef = 1E59DAB0A4EFD8A5F838D0A8 /* SignalingClient.swift */; };
		255E48A2365C7AA480C081DC /* LocalServerProbe.swift in Sources */ = {isa = PBXBuildFile; fileRef = CB128E7236AC4C65E97A2041 /* LocalServerProbe.swift */; };
		293188CEE10FB1DD38C66CFB /* SecureChannelTests.swift in Sources */ = {isa = PBXBuildFile; fileRef = 0D11744ADF836F5AE0046ECE /* SecureChannelTests.swift */; };
		2D467D25E5DB354DC43D8451 /* LocalServerScanner.swift in Sources */ = {isa = PBXBuildFile; fileRef = 4A912031A64F684013037FBB /* LocalServerScanner.swift */; };
		3369A804F0446E79A2209662 /* ReplayWindow.swift in Sources */ = {isa = PBXBuildFile; fileRef = D806B2F6BB75F102EA196B1F /* ReplayWindow.swift */; };
		339F5BBB351B82A12074E4DB /* PeerSyncService.swift in Sources */ = {isa = PBXBuildFile; fileRef = F7F6F7A1A452CDA8B641B61C /* PeerSyncService.swift */; };
		3545321A34BFFECEA11D63DC /* DeviceIdentity.swift in Sources */ = {isa = PBXBuildFile; fileRef = 47FBC3890175E320C78E68E1 /* DeviceIdentity.swift */; };
		37EADAE9D95AC0783A100A10 /* WhisperKit in Frameworks */ = {isa = PBXBuildFile; productRef = 5C1264368FD7B88CE2870492 /* WhisperKit */; };
		3DA4B44B89281F76759EE2CE /* InkOverlay.swift in Sources */ = {isa = PBXBuildFile; fileRef = 21D88EA79C48861054839A54 /* InkOverlay.swift */; };
		3F53B158E0DF1B99E6E6E53B /* FrameProtocol.swift in Sources */ = {isa = PBXBuildFile; fileRef = 51953FE31BA534927A942C96 /* FrameProtocol.swift */; };
		409BF267099B0CC2035B8471 /* SignalingClient.swift in Sources */ = {isa = PBXBuildFile; fileRef = 1E59DAB0A4EFD8A5F838D0A8 /* SignalingClient.swift */; };
		479E8C915A0648AF2533D59F /* ReplayWindow.swift in Sources */ = {isa = PBXBuildFile; fileRef = D806B2F6BB75F102EA196B1F /* ReplayWindow.swift */; };
		48B57B6199067D9FB4CB7D93 /* SyncMessages.swift in Sources */ = {isa = PBXBuildFile; fileRef = 67FAA18AA33DB039B0026206 /* SyncMessages.swift */; };
		4AACBD292BDABB8FD5AF98EE /* FrameProtocolTests.swift in Sources */ = {isa = PBXBuildFile; fileRef = 9CFEC5B017F014E9A487D037 /* FrameProtocolTests.swift */; };
		4BF7276892BD5F1F7E405130 /* VolumeScrollListView.swift in Sources */ = {isa = PBXBuildFile; fileRef = A1C985F86115A698849ED108 /* VolumeScrollListView.swift */; };
		4C9E895130BECBE40AB68F22 /* PlotterSnapshotStore.swift in Sources */ = {isa = PBXBuildFile; fileRef = 682AB09642BE2C3FA96FD284 /* PlotterSnapshotStore.swift */; };
		4CEF3D647FCEBF6F8B0D61C1 /* TranscriptionService.swift in Sources */ = {isa = PBXBuildFile; fileRef = AFEA082D543FE38BE6F626A3 /* TranscriptionService.swift */; };
		4ED353C5E65DE5D19F2B1A8A /* SettingsView.swift in Sources */ = {isa = PBXBuildFile; fileRef = 201310A4047D7610189A9F4D /* SettingsView.swift */; };
		506D51547D6AA3C40D9B1161 /* UIZoom.swift in Sources */ = {isa = PBXBuildFile; fileRef = 5A2C2E1B521C51A4B0B660B1 /* UIZoom.swift */; };
		533EDEEDD9ABC94FFD5CE5F3 /* FrameLink.swift in Sources */ = {isa = PBXBuildFile; fileRef = 146BC5C13A2019B42354E198 /* FrameLink.swift */; };
		595E0534F01685E42F0982C7 /* ConnectionState.swift in Sources */ = {isa = PBXBuildFile; fileRef = B944283C684052D8E37CEA34 /* ConnectionState.swift */; };
		5A01C1F25324B7BD662C6A6F /* WingmanApp.swift in Sources */ = {isa = PBXBuildFile; fileRef = 7A70CFB55F5EB044D3ED5C3F /* WingmanApp.swift */; };
		5CE443D65778BB0585311E3A /* PlotterActivityAttributes.swift in Sources */ = {isa = PBXBuildFile; fileRef = 20A51A5B0884AD1E95B51D5E /* PlotterActivityAttributes.swift */; };
		607A0F256022817764CF666E /* FrameLink.swift in Sources */ = {isa = PBXBuildFile; fileRef = 146BC5C13A2019B42354E198 /* FrameLink.swift */; };
		61B433541ADB12AA681DD9F3 /* ReliableMessenger.swift in Sources */ = {isa = PBXBuildFile; fileRef = 271D385A8DA926A540CE6710 /* ReliableMessenger.swift */; };
		61F220E0506458F5A49CEDE8 /* WorkspaceView.swift in Sources */ = {isa = PBXBuildFile; fileRef = 24FF780CFDAA867F7C2DD4AF /* WorkspaceView.swift */; };
		6215B9C6DFBF73DB93072BD2 /* InspectorHelper.swift in Sources */ = {isa = PBXBuildFile; fileRef = 5B068834105F375479ADF423 /* InspectorHelper.swift */; };
		63E9991ECBF43248AC1D2DCF /* NotesView.swift in Sources */ = {isa = PBXBuildFile; fileRef = E4A70BA667DE284AA151D2E2 /* NotesView.swift */; };
		64CB71202BAB8AE61AFADDF1 /* SettingsView.swift in Sources */ = {isa = PBXBuildFile; fileRef = 201310A4047D7610189A9F4D /* SettingsView.swift */; };
		64F5BBAD2D8C4BF5CDAAC40A /* ReliableMessenger.swift in Sources */ = {isa = PBXBuildFile; fileRef = 271D385A8DA926A540CE6710 /* ReliableMessenger.swift */; };
		6684B7C0B05ED55FA9992E54 /* SettingsView.swift in Sources */ = {isa = PBXBuildFile; fileRef = 201310A4047D7610189A9F4D /* SettingsView.swift */; };
		6827D1977814F3808D1FBACF /* PlotterSnapshotWidget.swift in Sources */ = {isa = PBXBuildFile; fileRef = 385D31984E6C837A96E9976A /* PlotterSnapshotWidget.swift */; };
		6D51318DAE223B1A7B3D7D42 /* SecureChannelResponder.swift in Sources */ = {isa = PBXBuildFile; fileRef = 1276A49AF5B79B2DF90F9A4F /* SecureChannelResponder.swift */; };
		6DEC54ACD4D5CD70C9442990 /* SecureIdentity.swift in Sources */ = {isa = PBXBuildFile; fileRef = DC0508AE36331AD5FF847915 /* SecureIdentity.swift */; };
		72A25CCED00C4DA32999DC63 /* GhosttyTerminal.swift in Sources */ = {isa = PBXBuildFile; fileRef = 71A7E1AE9E717B53A369709B /* GhosttyTerminal.swift */; };
		72D7ECC607D4CD5FB26BF992 /* SecureIdentity.swift in Sources */ = {isa = PBXBuildFile; fileRef = DC0508AE36331AD5FF847915 /* SecureIdentity.swift */; };
		75425F617DE13B7F5819788A /* PlotterWidgetsBundle.swift in Sources */ = {isa = PBXBuildFile; fileRef = E5DF189677F3669565CE66A2 /* PlotterWidgetsBundle.swift */; };
		75A366911772F72DFFF5B2E1 /* Assets.xcassets in Resources */ = {isa = PBXBuildFile; fileRef = 158C2018D7407AF1E5F146CB /* Assets.xcassets */; };
		7787D323F49C1FE76418B9B5 /* CryptoCore.swift in Sources */ = {isa = PBXBuildFile; fileRef = BB3905E9A184741F8BBDBC85 /* CryptoCore.swift */; };
		77B72900D09DBEF8FB2ED47E /* Wingman Watch App.app in Embed Watch Content */ = {isa = PBXBuildFile; fileRef = 89D37D60DA58FCD2D67F65ED /* Wingman Watch App.app */; settings = {ATTRIBUTES = (RemoveHeadersOnCopy, ); }; };
		77E0A9658F4C1F734114431E /* TrackpadView.swift in Sources */ = {isa = PBXBuildFile; fileRef = CDB98CD0F5BCD145C5B14904 /* TrackpadView.swift */; };
		7870D5E6E8A740AE7DAA76CB /* SignalingClient.swift in Sources */ = {isa = PBXBuildFile; fileRef = 1E59DAB0A4EFD8A5F838D0A8 /* SignalingClient.swift */; };
		7AB890387351E6DFD8F96F64 /* PlotterLiveActivity.swift in Sources */ = {isa = PBXBuildFile; fileRef = 63CD5071FA5C9733D90B190B /* PlotterLiveActivity.swift */; };
		7AD38453BD76B30C4F82DE43 /* PlotterWidgets.appex in Embed Foundation Extensions */ = {isa = PBXBuildFile; fileRef = 54378CCC8B919AFA650CF9E1 /* PlotterWidgets.appex */; settings = {ATTRIBUTES = (RemoveHeadersOnCopy, ); }; };
		7C8C2A101382F27189DA38D6 /* WorkspaceStore.swift in Sources */ = {isa = PBXBuildFile; fileRef = 84A1B8A2C645FBE23187ECBA /* WorkspaceStore.swift */; };
		7E673C3AAC69631D9B9809E2 /* EnvSecret.swift in Sources */ = {isa = PBXBuildFile; fileRef = A8128F295B3D268259C8F98F /* EnvSecret.swift */; };
		83D64D93C19B54470E4E1C2C /* SyncMessages.swift in Sources */ = {isa = PBXBuildFile; fileRef = 67FAA18AA33DB039B0026206 /* SyncMessages.swift */; };
		84FC1A823C720C809A576D45 /* DeviceCaptureSession.swift in Sources */ = {isa = PBXBuildFile; fileRef = EFC9833035A28E24597A8997 /* DeviceCaptureSession.swift */; };
		86557E84E7B1FC2703488521 /* SecureChannelTransport.swift in Sources */ = {isa = PBXBuildFile; fileRef = 860F562B6ECC3F208F44D970 /* SecureChannelTransport.swift */; };
		870295EC4EDA044F54CE9E6D /* GhosttyKit.xcframework in Frameworks */ = {isa = PBXBuildFile; fileRef = 0057932203C8B246C76D50DC /* GhosttyKit.xcframework */; };
		873845340784690BC3748654 /* ScreenMirror.swift in Sources */ = {isa = PBXBuildFile; fileRef = DCB7A71E179389DD6C888CCD /* ScreenMirror.swift */; };
		89F1AA2347092C088C969903 /* DeviceIdentity.swift in Sources */ = {isa = PBXBuildFile; fileRef = 47FBC3890175E320C78E68E1 /* DeviceIdentity.swift */; };
		8A94170AE83036EEA8FD2924 /* IDELauncher.swift in Sources */ = {isa = PBXBuildFile; fileRef = C158EABC62B1A1985C1F548E /* IDELauncher.swift */; };
		8E40BD57F90EBBCBC354C356 /* CopilotUITests.swift in Sources */ = {isa = PBXBuildFile; fileRef = 4F06639323C2B403D53DEBC7 /* CopilotUITests.swift */; };
		8E7E4A3268249CACC57B046D /* PlotterSnapshotStore.swift in Sources */ = {isa = PBXBuildFile; fileRef = 682AB09642BE2C3FA96FD284 /* PlotterSnapshotStore.swift */; };
		91698151B8722ED0E14C60E9 /* SyncMessagesTests.swift in Sources */ = {isa = PBXBuildFile; fileRef = 52A71DC4B75C15342693E47C /* SyncMessagesTests.swift */; };
		9343B8258DC8AD0AF936D013 /* SecureMessagingView.swift in Sources */ = {isa = PBXBuildFile; fileRef = 63115D2BD54B02BCBFBC5774 /* SecureMessagingView.swift */; };
		97CCEC7CB74BCC87DC23E339 /* PaneInitRegressionTests.swift in Sources */ = {isa = PBXBuildFile; fileRef = 7297FC9076A3EEE92FA359FD /* PaneInitRegressionTests.swift */; };
		9ACCE7E69E845EF4E354B2CD /* ConnectionState.swift in Sources */ = {isa = PBXBuildFile; fileRef = B944283C684052D8E37CEA34 /* ConnectionState.swift */; };
		9B6D46745F7A61AD64420E99 /* PacketCodec.swift in Sources */ = {isa = PBXBuildFile; fileRef = EAB4F3EFB9309CE13F44E611 /* PacketCodec.swift */; };
		9CCB3AE0ECFF1D2D7C809867 /* HeadphoneDetector.swift in Sources */ = {isa = PBXBuildFile; fileRef = AEF294C6D54F08AFA7316B33 /* HeadphoneDetector.swift */; };
		9E43FEF6FB23D25B023ED32A /* DeviceCaptureRegistry.swift in Sources */ = {isa = PBXBuildFile; fileRef = 40448E5B9EBBD91D642FC080 /* DeviceCaptureRegistry.swift */; };
		A755A8C5DCFF1165E408136A /* Workspace.swift in Sources */ = {isa = PBXBuildFile; fileRef = 1B3448A85CDA9475511475C2 /* Workspace.swift */; };
		A88388A8B8A982296E63C85B /* CryptoCore.swift in Sources */ = {isa = PBXBuildFile; fileRef = BB3905E9A184741F8BBDBC85 /* CryptoCore.swift */; };
		A9D25668C070DD5356945E42 /* PacketCodec.swift in Sources */ = {isa = PBXBuildFile; fileRef = EAB4F3EFB9309CE13F44E611 /* PacketCodec.swift */; };
		B1D7F5C683BA09919DE89D46 /* PacketCodec.swift in Sources */ = {isa = PBXBuildFile; fileRef = EAB4F3EFB9309CE13F44E611 /* PacketCodec.swift */; };
		B20CBBDC7065EFE8CB2A5498 /* FrameProtocol.swift in Sources */ = {isa = PBXBuildFile; fileRef = 51953FE31BA534927A942C96 /* FrameProtocol.swift */; };
		B3CA588D08A771A14426BE5D /* SecureIdentity.swift in Sources */ = {isa = PBXBuildFile; fileRef = DC0508AE36331AD5FF847915 /* SecureIdentity.swift */; };
		B4AA393A5A3C60C033BA0A02 /* PeerSyncService.swift in Sources */ = {isa = PBXBuildFile; fileRef = F7F6F7A1A452CDA8B641B61C /* PeerSyncService.swift */; };
		B4E96CEA7BF0CCD5D84C0B86 /* WorkspaceRootTrackingTests.swift in Sources */ = {isa = PBXBuildFile; fileRef = ADB726FAD149101B9A70CC0D /* WorkspaceRootTrackingTests.swift */; };
		B50854F8DDEEB5A8A9EE4FF2 /* FrameProtocol.swift in Sources */ = {isa = PBXBuildFile; fileRef = 51953FE31BA534927A942C96 /* FrameProtocol.swift */; };
		B50B053F283AA448A9ACDB56 /* ContentView.swift in Sources */ = {isa = PBXBuildFile; fileRef = 26E21596BD1590738CF89498 /* ContentView.swift */; };
		BDD20887ADEB07BF20E815EC /* ConnectionState.swift in Sources */ = {isa = PBXBuildFile; fileRef = B944283C684052D8E37CEA34 /* ConnectionState.swift */; };
		C0B083B9A7F2E253F890ABC0 /* Assets.xcassets in Resources */ = {isa = PBXBuildFile; fileRef = 32D547158D65899195FA3359 /* Assets.xcassets */; };
		C24963188EB7118E15217C8C /* NoiseIKHandshake.swift in Sources */ = {isa = PBXBuildFile; fileRef = 2886FAAE474AA84072FD5172 /* NoiseIKHandshake.swift */; };
		C5C1BBABFA1C5584E05B854B /* NoiseIKHandshake.swift in Sources */ = {isa = PBXBuildFile; fileRef = 2886FAAE474AA84072FD5172 /* NoiseIKHandshake.swift */; };
		C6C8CE7D36C5337515F76BA2 /* PlotterActivityAttributes.swift in Sources */ = {isa = PBXBuildFile; fileRef = 20A51A5B0884AD1E95B51D5E /* PlotterActivityAttributes.swift */; };
		C9B227630199C8E1705AE8DC /* CopilotApp.swift in Sources */ = {isa = PBXBuildFile; fileRef = 6EEA72B1DEC139C1BC84002C /* CopilotApp.swift */; };
		CAD4FA3FEF71B408F5A1C332 /* PaneCyclingTests.swift in Sources */ = {isa = PBXBuildFile; fileRef = 3C68475BF8E1475FC00ABFE0 /* PaneCyclingTests.swift */; };
		CB797869A7D03477CAC989A2 /* CommitListView.swift in Sources */ = {isa = PBXBuildFile; fileRef = B028DA279E32AB30A1A75942 /* CommitListView.swift */; };
		CD1F0F4FF15F92BBFB35AC33 /* ContentView.swift in Sources */ = {isa = PBXBuildFile; fileRef = DC8EF4863BC5170A0F737E82 /* ContentView.swift */; };
		CF0427ED034B7A71489D82F9 /* PeerSyncService.swift in Sources */ = {isa = PBXBuildFile; fileRef = F7F6F7A1A452CDA8B641B61C /* PeerSyncService.swift */; };
		CF25C25C1E10668E3348460F /* PilotApp.swift in Sources */ = {isa = PBXBuildFile; fileRef = F684D74A8F12B03954CC49B3 /* PilotApp.swift */; };
		D0614091089D4F0F461285ED /* ContentView.swift in Sources */ = {isa = PBXBuildFile; fileRef = AA1D8AC628F3F55D563872C7 /* ContentView.swift */; };
		DA86DAE82E6503F4950D487A /* SnapshotHelper.swift in Sources */ = {isa = PBXBuildFile; fileRef = 64D18628BFB58D751B964957 /* SnapshotHelper.swift */; };
		E57F6CDE4BED1E1E9489FE9E /* GitHubTasksStore.swift in Sources */ = {isa = PBXBuildFile; fileRef = 09CBC9A2EAF71B52D91F96DB /* GitHubTasksStore.swift */; };
		E7006D0803DB97A507D8A7AB /* CryptoCore.swift in Sources */ = {isa = PBXBuildFile; fileRef = BB3905E9A184741F8BBDBC85 /* CryptoCore.swift */; };
		E974BEB84F83FBDAD2A14AB3 /* Assets.xcassets in Resources */ = {isa = PBXBuildFile; fileRef = E42AFD4B9A8EB5AE10637F0C /* Assets.xcassets */; };
		EA6044046223AE65A20D870B /* MarkdownStyler.swift in Sources */ = {isa = PBXBuildFile; fileRef = 3773008E360B991866932E4A /* MarkdownStyler.swift */; };
		EF6268702B8DB6CF936E2180 /* WorkspaceActionWatcher.swift in Sources */ = {isa = PBXBuildFile; fileRef = 93E831A131F5C50AD8808B7E /* WorkspaceActionWatcher.swift */; };
		F75FC2F068710EC5DA74BE40 /* ReplayWindow.swift in Sources */ = {isa = PBXBuildFile; fileRef = D806B2F6BB75F102EA196B1F /* ReplayWindow.swift */; };
		F797C21E5A72C28BD91D6073 /* GitCommitStore.swift in Sources */ = {isa = PBXBuildFile; fileRef = DE61939AF52E09E1543E7B5B /* GitCommitStore.swift */; };
		FB51EDCD634335282B1FE07D /* FrameLink.swift in Sources */ = {isa = PBXBuildFile; fileRef = 146BC5C13A2019B42354E198 /* FrameLink.swift */; };
		FC38631BA6097AAE9768C54A /* DeviceIdentity.swift in Sources */ = {isa = PBXBuildFile; fileRef = 47FBC3890175E320C78E68E1 /* DeviceIdentity.swift */; };
		FED2912382E4B18B1A121872 /* SecureMessagingView.swift in Sources */ = {isa = PBXBuildFile; fileRef = 7F52CD1238C31CAF42367CA2 /* SecureMessagingView.swift */; };
		FFB527B6162A6FC0DF966C77 /* SyncMessages.swift in Sources */ = {isa = PBXBuildFile; fileRef = 67FAA18AA33DB039B0026206 /* SyncMessages.swift */; };
		FFDC16C3D0A160CCB1BCBDCF /* BrowserStartPageVisibilityTests.swift in Sources */ = {isa = PBXBuildFile; fileRef = F41F5AC980B9260EDB78A608 /* BrowserStartPageVisibilityTests.swift */; };
/* End PBXBuildFile section */

/* Begin PBXContainerItemProxy section */
		2143CD2323519939276CAEF9 /* PBXContainerItemProxy */ = {
			isa = PBXContainerItemProxy;
			containerPortal = 82D0EC6B4C927437585C0414 /* Project object */;
			proxyType = 1;
			remoteGlobalIDString = FFBA445E4B0353896DD8D03B;
			remoteInfo = PlotterWidgets;
		};
		4036B280B5531733D0D7F708 /* PBXContainerItemProxy */ = {
			isa = PBXContainerItemProxy;
			containerPortal = 82D0EC6B4C927437585C0414 /* Project object */;
			proxyType = 1;
			remoteGlobalIDString = 1FB5B4A55B06C22A02EB122A;
			remoteInfo = Copilot;
		};
		45FAC0FE492C89EC95D428CB /* PBXContainerItemProxy */ = {
			isa = PBXContainerItemProxy;
			containerPortal = 82D0EC6B4C927437585C0414 /* Project object */;
			proxyType = 1;
			remoteGlobalIDString = 79C8ECE1F0D9D02EDE7D57AC;
			remoteInfo = "Wingman Watch App";
		};
		7A0E2A35D43B76E3523CAF68 /* PBXContainerItemProxy */ = {
			isa = PBXContainerItemProxy;
			containerPortal = 82D0EC6B4C927437585C0414 /* Project object */;
			proxyType = 1;
			remoteGlobalIDString = 1FB5B4A55B06C22A02EB122A;
			remoteInfo = Copilot;
		};
		B7786C25B35D4ECA60C138C9 /* PBXContainerItemProxy */ = {
			isa = PBXContainerItemProxy;
			containerPortal = 82D0EC6B4C927437585C0414 /* Project object */;
			proxyType = 1;
			remoteGlobalIDString = CC57B2B4EA9EE254E479EEAC;
			remoteInfo = Plotter;
		};
		FA29AA030FC6C19055EF989E /* PBXContainerItemProxy */ = {
			isa = PBXContainerItemProxy;
			containerPortal = 82D0EC6B4C927437585C0414 /* Project object */;
			proxyType = 1;
			remoteGlobalIDString = 474C5A4305C5C5138E36D5C1;
			remoteInfo = Pilot;
		};
/* End PBXContainerItemProxy section */

/* Begin PBXCopyFilesBuildPhase section */
		8C51039595230AC8FFA6443C /* Embed Watch Content */ = {
			isa = PBXCopyFilesBuildPhase;
			buildActionMask = 2147483647;
			dstPath = "$(CONTENTS_FOLDER_PATH)/Watch";
			dstSubfolderSpec = 16;
			files = (
				77B72900D09DBEF8FB2ED47E /* Wingman Watch App.app in Embed Watch Content */,
			);
			name = "Embed Watch Content";
			runOnlyForDeploymentPostprocessing = 0;
		};
		D7B77833FF64F645C7FAAFC9 /* Embed Foundation Extensions */ = {
			isa = PBXCopyFilesBuildPhase;
			buildActionMask = 2147483647;
			dstPath = "";
			dstSubfolderSpec = 13;
			files = (
				7AD38453BD76B30C4F82DE43 /* PlotterWidgets.appex in Embed Foundation Extensions */,
			);
			name = "Embed Foundation Extensions";
			runOnlyForDeploymentPostprocessing = 0;
		};
/* End PBXCopyFilesBuildPhase section */

/* Begin PBXFileReference section */
		0057932203C8B246C76D50DC /* GhosttyKit.xcframework */ = {isa = PBXFileReference; lastKnownFileType = wrapper.xcframework; name = GhosttyKit.xcframework; path = Frameworks/GhosttyKit.xcframework; sourceTree = "<group>"; };
		0146AB6C59B6957CE9B7E874 /* Info.plist */ = {isa = PBXFileReference; lastKnownFileType = text.plist; path = Info.plist; sourceTree = "<group>"; };
		09CBC9A2EAF71B52D91F96DB /* GitHubTasksStore.swift */ = {isa = PBXFileReference; lastKnownFileType = sourcecode.swift; path = GitHubTasksStore.swift; sourceTree = "<group>"; };
		0D11744ADF836F5AE0046ECE /* SecureChannelTests.swift */ = {isa = PBXFileReference; lastKnownFileType = sourcecode.swift; path = SecureChannelTests.swift; sourceTree = "<group>"; };
		113DAF69FB3F5B7103A098B8 /* Info.plist */ = {isa = PBXFileReference; lastKnownFileType = text.plist; path = Info.plist; sourceTree = "<group>"; };
		1276A49AF5B79B2DF90F9A4F /* SecureChannelResponder.swift */ = {isa = PBXFileReference; lastKnownFileType = sourcecode.swift; path = SecureChannelResponder.swift; sourceTree = "<group>"; };
		132CB022A0BDFF0DE96316EF /* ContentView.swift */ = {isa = PBXFileReference; lastKnownFileType = sourcecode.swift; path = ContentView.swift; sourceTree = "<group>"; };
		146BC5C13A2019B42354E198 /* FrameLink.swift */ = {isa = PBXFileReference; lastKnownFileType = sourcecode.swift; path = FrameLink.swift; sourceTree = "<group>"; };
		158C2018D7407AF1E5F146CB /* Assets.xcassets */ = {isa = PBXFileReference; lastKnownFileType = folder.assetcatalog; path = Assets.xcassets; sourceTree = "<group>"; };
		1B3448A85CDA9475511475C2 /* Workspace.swift */ = {isa = PBXFileReference; lastKnownFileType = sourcecode.swift; path = Workspace.swift; sourceTree = "<group>"; };
		1C98BD914066A308C6C6C1C9 /* Pilot.app */ = {isa = PBXFileReference; explicitFileType = wrapper.application; includeInIndex = 0; path = Pilot.app; sourceTree = BUILT_PRODUCTS_DIR; };
		1E59DAB0A4EFD8A5F838D0A8 /* SignalingClient.swift */ = {isa = PBXFileReference; lastKnownFileType = sourcecode.swift; path = SignalingClient.swift; sourceTree = "<group>"; };
		201310A4047D7610189A9F4D /* SettingsView.swift */ = {isa = PBXFileReference; lastKnownFileType = sourcecode.swift; path = SettingsView.swift; sourceTree = "<group>"; };
		20A51A5B0884AD1E95B51D5E /* PlotterActivityAttributes.swift */ = {isa = PBXFileReference; lastKnownFileType = sourcecode.swift; path = PlotterActivityAttributes.swift; sourceTree = "<group>"; };
		21D88EA79C48861054839A54 /* InkOverlay.swift */ = {isa = PBXFileReference; lastKnownFileType = sourcecode.swift; path = InkOverlay.swift; sourceTree = "<group>"; };
		24FF780CFDAA867F7C2DD4AF /* WorkspaceView.swift */ = {isa = PBXFileReference; lastKnownFileType = sourcecode.swift; path = WorkspaceView.swift; sourceTree = "<group>"; };
		26E21596BD1590738CF89498 /* ContentView.swift */ = {isa = PBXFileReference; lastKnownFileType = sourcecode.swift; path = ContentView.swift; sourceTree = "<group>"; };
		271D385A8DA926A540CE6710 /* ReliableMessenger.swift */ = {isa = PBXFileReference; lastKnownFileType = sourcecode.swift; path = ReliableMessenger.swift; sourceTree = "<group>"; };
		2886FAAE474AA84072FD5172 /* NoiseIKHandshake.swift */ = {isa = PBXFileReference; lastKnownFileType = sourcecode.swift; path = NoiseIKHandshake.swift; sourceTree = "<group>"; };
		32D547158D65899195FA3359 /* Assets.xcassets */ = {isa = PBXFileReference; lastKnownFileType = folder.assetcatalog; path = Assets.xcassets; sourceTree = "<group>"; };
		3773008E360B991866932E4A /* MarkdownStyler.swift */ = {isa = PBXFileReference; lastKnownFileType = sourcecode.swift; path = MarkdownStyler.swift; sourceTree = "<group>"; };
		37AF3DF097D535DA68029E46 /* CopilotUITests.xctest */ = {isa = PBXFileReference; includeInIndex = 0; lastKnownFileType = wrapper.cfbundle; path = CopilotUITests.xctest; sourceTree = BUILT_PRODUCTS_DIR; };
		385D31984E6C837A96E9976A /* PlotterSnapshotWidget.swift */ = {isa = PBXFileReference; lastKnownFileType = sourcecode.swift; path = PlotterSnapshotWidget.swift; sourceTree = "<group>"; };
		3BA97D476477BE66A97A9D77 /* MouseBridge.swift */ = {isa = PBXFileReference; lastKnownFileType = sourcecode.swift; path = MouseBridge.swift; sourceTree = "<group>"; };
		3C68475BF8E1475FC00ABFE0 /* PaneCyclingTests.swift */ = {isa = PBXFileReference; lastKnownFileType = sourcecode.swift; path = PaneCyclingTests.swift; sourceTree = "<group>"; };
		40448E5B9EBBD91D642FC080 /* DeviceCaptureRegistry.swift */ = {isa = PBXFileReference; lastKnownFileType = sourcecode.swift; path = DeviceCaptureRegistry.swift; sourceTree = "<group>"; };
		41E92ECD46F1C55A41F9D826 /* PlotterApp.swift */ = {isa = PBXFileReference; lastKnownFileType = sourcecode.swift; path = PlotterApp.swift; sourceTree = "<group>"; };
		46C4196429C52AD7709CA4CF /* Plotter.app */ = {isa = PBXFileReference; includeInIndex = 0; lastKnownFileType = wrapper.application; path = Plotter.app; sourceTree = BUILT_PRODUCTS_DIR; };
		47FBC3890175E320C78E68E1 /* DeviceIdentity.swift */ = {isa = PBXFileReference; lastKnownFileType = sourcecode.swift; path = DeviceIdentity.swift; sourceTree = "<group>"; };
		4A912031A64F684013037FBB /* LocalServerScanner.swift */ = {isa = PBXFileReference; lastKnownFileType = sourcecode.swift; path = LocalServerScanner.swift; sourceTree = "<group>"; };
		4F06639323C2B403D53DEBC7 /* CopilotUITests.swift */ = {isa = PBXFileReference; lastKnownFileType = sourcecode.swift; path = CopilotUITests.swift; sourceTree = "<group>"; };
		51953FE31BA534927A942C96 /* FrameProtocol.swift */ = {isa = PBXFileReference; lastKnownFileType = sourcecode.swift; path = FrameProtocol.swift; sourceTree = "<group>"; };
		52A71DC4B75C15342693E47C /* SyncMessagesTests.swift */ = {isa = PBXFileReference; lastKnownFileType = sourcecode.swift; path = SyncMessagesTests.swift; sourceTree = "<group>"; };
		52D5914A6EBA1115A33AE425 /* PilotTests.xctest */ = {isa = PBXFileReference; explicitFileType = wrapper.cfbundle; includeInIndex = 0; path = PilotTests.xctest; sourceTree = BUILT_PRODUCTS_DIR; };
		54378CCC8B919AFA650CF9E1 /* PlotterWidgets.appex */ = {isa = PBXFileReference; includeInIndex = 0; lastKnownFileType = "wrapper.app-extension"; path = PlotterWidgets.appex; sourceTree = BUILT_PRODUCTS_DIR; };
		586A8AC25F272D21EAB4475E /* Plotter.entitlements */ = {isa = PBXFileReference; lastKnownFileType = text.plist.entitlements; path = Plotter.entitlements; sourceTree = "<group>"; };
		5A2C2E1B521C51A4B0B660B1 /* UIZoom.swift */ = {isa = PBXFileReference; lastKnownFileType = sourcecode.swift; path = UIZoom.swift; sourceTree = "<group>"; };
		5B068834105F375479ADF423 /* InspectorHelper.swift */ = {isa = PBXFileReference; lastKnownFileType = sourcecode.swift; path = InspectorHelper.swift; sourceTree = "<group>"; };
		63115D2BD54B02BCBFBC5774 /* SecureMessagingView.swift */ = {isa = PBXFileReference; lastKnownFileType = sourcecode.swift; path = SecureMessagingView.swift; sourceTree = "<group>"; };
		63CD5071FA5C9733D90B190B /* PlotterLiveActivity.swift */ = {isa = PBXFileReference; lastKnownFileType = sourcecode.swift; path = PlotterLiveActivity.swift; sourceTree = "<group>"; };
		6470DA7198630EEEED1F83E5 /* PlotterUITests.xctest */ = {isa = PBXFileReference; includeInIndex = 0; lastKnownFileType = wrapper.cfbundle; path = PlotterUITests.xctest; sourceTree = BUILT_PRODUCTS_DIR; };
		64D18628BFB58D751B964957 /* SnapshotHelper.swift */ = {isa = PBXFileReference; lastKnownFileType = sourcecode.swift; path = SnapshotHelper.swift; sourceTree = "<group>"; };
		67FAA18AA33DB039B0026206 /* SyncMessages.swift */ = {isa = PBXFileReference; lastKnownFileType = sourcecode.swift; path = SyncMessages.swift; sourceTree = "<group>"; };
		682AB09642BE2C3FA96FD284 /* PlotterSnapshotStore.swift */ = {isa = PBXFileReference; lastKnownFileType = sourcecode.swift; path = PlotterSnapshotStore.swift; sourceTree = "<group>"; };
		6EEA72B1DEC139C1BC84002C /* CopilotApp.swift */ = {isa = PBXFileReference; lastKnownFileType = sourcecode.swift; path = CopilotApp.swift; sourceTree = "<group>"; };
		6FA9E73F04BF651090F9D625 /* MirrorModel.swift */ = {isa = PBXFileReference; lastKnownFileType = sourcecode.swift; path = MirrorModel.swift; sourceTree = "<group>"; };
		71A7E1AE9E717B53A369709B /* GhosttyTerminal.swift */ = {isa = PBXFileReference; lastKnownFileType = sourcecode.swift; path = GhosttyTerminal.swift; sourceTree = "<group>"; };
		7297FC9076A3EEE92FA359FD /* PaneInitRegressionTests.swift */ = {isa = PBXFileReference; lastKnownFileType = sourcecode.swift; path = PaneInitRegressionTests.swift; sourceTree = "<group>"; };
		76DB6E8E01A7D93E37F0129A /* PlotterWidgets.entitlements */ = {isa = PBXFileReference; lastKnownFileType = text.plist.entitlements; path = PlotterWidgets.entitlements; sourceTree = "<group>"; };
		7A70CFB55F5EB044D3ED5C3F /* WingmanApp.swift */ = {isa = PBXFileReference; lastKnownFileType = sourcecode.swift; path = WingmanApp.swift; sourceTree = "<group>"; };
		7D00A3F70E212149A88CCD63 /* Assets.xcassets */ = {isa = PBXFileReference; lastKnownFileType = folder.assetcatalog; path = Assets.xcassets; sourceTree = "<group>"; };
		7F52CD1238C31CAF42367CA2 /* SecureMessagingView.swift */ = {isa = PBXFileReference; lastKnownFileType = sourcecode.swift; path = SecureMessagingView.swift; sourceTree = "<group>"; };
		84A1B8A2C645FBE23187ECBA /* WorkspaceStore.swift */ = {isa = PBXFileReference; lastKnownFileType = sourcecode.swift; path = WorkspaceStore.swift; sourceTree = "<group>"; };
		860F562B6ECC3F208F44D970 /* SecureChannelTransport.swift */ = {isa = PBXFileReference; lastKnownFileType = sourcecode.swift; path = SecureChannelTransport.swift; sourceTree = "<group>"; };
		898B7F76464636A04054FEA9 /* Info.plist */ = {isa = PBXFileReference; lastKnownFileType = text.plist; path = Info.plist; sourceTree = "<group>"; };
		89D37D60DA58FCD2D67F65ED /* Wingman Watch App.app */ = {isa = PBXFileReference; explicitFileType = wrapper.application; includeInIndex = 0; path = "Wingman Watch App.app"; sourceTree = BUILT_PRODUCTS_DIR; };
		8B4486B0848D4DDEE5E23D18 /* Pilot.entitlements */ = {isa = PBXFileReference; lastKnownFileType = text.plist.entitlements; path = Pilot.entitlements; sourceTree = "<group>"; };
		93E831A131F5C50AD8808B7E /* WorkspaceActionWatcher.swift */ = {isa = PBXFileReference; lastKnownFileType = sourcecode.swift; path = WorkspaceActionWatcher.swift; sourceTree = "<group>"; };
		97052041CFD5C5F3CAFA379C /* SharedTests.xctest */ = {isa = PBXFileReference; includeInIndex = 0; lastKnownFileType = wrapper.cfbundle; path = SharedTests.xctest; sourceTree = BUILT_PRODUCTS_DIR; };
		9CFEC5B017F014E9A487D037 /* FrameProtocolTests.swift */ = {isa = PBXFileReference; lastKnownFileType = sourcecode.swift; path = FrameProtocolTests.swift; sourceTree = "<group>"; };
		A0144CE36B7342F7D171F350 /* Info.plist */ = {isa = PBXFileReference; lastKnownFileType = text.plist; path = Info.plist; sourceTree = "<group>"; };
		A1C985F86115A698849ED108 /* VolumeScrollListView.swift */ = {isa = PBXFileReference; lastKnownFileType = sourcecode.swift; path = VolumeScrollListView.swift; sourceTree = "<group>"; };
		A8128F295B3D268259C8F98F /* EnvSecret.swift */ = {isa = PBXFileReference; lastKnownFileType = sourcecode.swift; path = EnvSecret.swift; sourceTree = "<group>"; };
		AA1D8AC628F3F55D563872C7 /* ContentView.swift */ = {isa = PBXFileReference; lastKnownFileType = sourcecode.swift; path = ContentView.swift; sourceTree = "<group>"; };
		ADB726FAD149101B9A70CC0D /* WorkspaceRootTrackingTests.swift */ = {isa = PBXFileReference; lastKnownFileType = sourcecode.swift; path = WorkspaceRootTrackingTests.swift; sourceTree = "<group>"; };
		AEF294C6D54F08AFA7316B33 /* HeadphoneDetector.swift */ = {isa = PBXFileReference; lastKnownFileType = sourcecode.swift; path = HeadphoneDetector.swift; sourceTree = "<group>"; };
		AFEA082D543FE38BE6F626A3 /* TranscriptionService.swift */ = {isa = PBXFileReference; lastKnownFileType = sourcecode.swift; path = TranscriptionService.swift; sourceTree = "<group>"; };
		B028DA279E32AB30A1A75942 /* CommitListView.swift */ = {isa = PBXFileReference; lastKnownFileType = sourcecode.swift; path = CommitListView.swift; sourceTree = "<group>"; };
		B944283C684052D8E37CEA34 /* ConnectionState.swift */ = {isa = PBXFileReference; lastKnownFileType = sourcecode.swift; path = ConnectionState.swift; sourceTree = "<group>"; };
		BA0D0B9E48653778D28F00CA /* PlotterUITests.swift */ = {isa = PBXFileReference; lastKnownFileType = sourcecode.swift; path = PlotterUITests.swift; sourceTree = "<group>"; };
		BB0512C0240EE6A1F6AC5063 /* SnapshotHelper.swift */ = {isa = PBXFileReference; lastKnownFileType = sourcecode.swift; path = SnapshotHelper.swift; sourceTree = "<group>"; };
		BB3905E9A184741F8BBDBC85 /* CryptoCore.swift */ = {isa = PBXFileReference; lastKnownFileType = sourcecode.swift; path = CryptoCore.swift; sourceTree = "<group>"; };
		C158EABC62B1A1985C1F548E /* IDELauncher.swift */ = {isa = PBXFileReference; lastKnownFileType = sourcecode.swift; path = IDELauncher.swift; sourceTree = "<group>"; };
		CB128E7236AC4C65E97A2041 /* LocalServerProbe.swift */ = {isa = PBXFileReference; lastKnownFileType = sourcecode.swift; path = LocalServerProbe.swift; sourceTree = "<group>"; };
		CDB98CD0F5BCD145C5B14904 /* TrackpadView.swift */ = {isa = PBXFileReference; lastKnownFileType = sourcecode.swift; path = TrackpadView.swift; sourceTree = "<group>"; };
		D76CFD688C6FEFB4356EDBF2 /* BrowserStartPageView.swift */ = {isa = PBXFileReference; lastKnownFileType = sourcecode.swift; path = BrowserStartPageView.swift; sourceTree = "<group>"; };
		D806B2F6BB75F102EA196B1F /* ReplayWindow.swift */ = {isa = PBXFileReference; lastKnownFileType = sourcecode.swift; path = ReplayWindow.swift; sourceTree = "<group>"; };
		DC0508AE36331AD5FF847915 /* SecureIdentity.swift */ = {isa = PBXFileReference; lastKnownFileType = sourcecode.swift; path = SecureIdentity.swift; sourceTree = "<group>"; };
		DC8EF4863BC5170A0F737E82 /* ContentView.swift */ = {isa = PBXFileReference; lastKnownFileType = sourcecode.swift; path = ContentView.swift; sourceTree = "<group>"; };
		DCB7A71E179389DD6C888CCD /* ScreenMirror.swift */ = {isa = PBXFileReference; lastKnownFileType = sourcecode.swift; path = ScreenMirror.swift; sourceTree = "<group>"; };
		DE61939AF52E09E1543E7B5B /* GitCommitStore.swift */ = {isa = PBXFileReference; lastKnownFileType = sourcecode.swift; path = GitCommitStore.swift; sourceTree = "<group>"; };
		DFC9BB0F198A6D5E8298B3E1 /* Note.swift */ = {isa = PBXFileReference; lastKnownFileType = sourcecode.swift; path = Note.swift; sourceTree = "<group>"; };
		DFE92003FF31404674DF96FD /* PlotterActivityController.swift */ = {isa = PBXFileReference; lastKnownFileType = sourcecode.swift; path = PlotterActivityController.swift; sourceTree = "<group>"; };
		E42AFD4B9A8EB5AE10637F0C /* Assets.xcassets */ = {isa = PBXFileReference; lastKnownFileType = folder.assetcatalog; path = Assets.xcassets; sourceTree = "<group>"; };
		E4A70BA667DE284AA151D2E2 /* NotesView.swift */ = {isa = PBXFileReference; lastKnownFileType = sourcecode.swift; path = NotesView.swift; sourceTree = "<group>"; };
		E5DF189677F3669565CE66A2 /* PlotterWidgetsBundle.swift */ = {isa = PBXFileReference; lastKnownFileType = sourcecode.swift; path = PlotterWidgetsBundle.swift; sourceTree = "<group>"; };
		E7B90338AE3A8F5EE0CA12C6 /* DevicePaneView.swift */ = {isa = PBXFileReference; lastKnownFileType = sourcecode.swift; path = DevicePaneView.swift; sourceTree = "<group>"; };
		EAB4F3EFB9309CE13F44E611 /* PacketCodec.swift */ = {isa = PBXFileReference; lastKnownFileType = sourcecode.swift; path = PacketCodec.swift; sourceTree = "<group>"; };
		EFC9833035A28E24597A8997 /* DeviceCaptureSession.swift */ = {isa = PBXFileReference; lastKnownFileType = sourcecode.swift; path = DeviceCaptureSession.swift; sourceTree = "<group>"; };
		F41F5AC980B9260EDB78A608 /* BrowserStartPageVisibilityTests.swift */ = {isa = PBXFileReference; lastKnownFileType = sourcecode.swift; path = BrowserStartPageVisibilityTests.swift; sourceTree = "<group>"; };
		F430B621891B5DED12E1CF39 /* Copilot.app */ = {isa = PBXFileReference; includeInIndex = 0; lastKnownFileType = wrapper.application; path = Copilot.app; sourceTree = BUILT_PRODUCTS_DIR; };
		F684D74A8F12B03954CC49B3 /* PilotApp.swift */ = {isa = PBXFileReference; lastKnownFileType = sourcecode.swift; path = PilotApp.swift; sourceTree = "<group>"; };
		F7F6F7A1A452CDA8B641B61C /* PeerSyncService.swift */ = {isa = PBXFileReference; lastKnownFileType = sourcecode.swift; path = PeerSyncService.swift; sourceTree = "<group>"; };
/* End PBXFileReference section */

/* Begin PBXFrameworksBuildPhase section */
		63B9D3713CC3AC0D7AD9EB9A /* Frameworks */ = {
			isa = PBXFrameworksBuildPhase;
			buildActionMask = 2147483647;
			files = (
				870295EC4EDA044F54CE9E6D /* GhosttyKit.xcframework in Frameworks */,
			);
			runOnlyForDeploymentPostprocessing = 0;
		};
		E2640209BA2CC6A25A1D2EDC /* Frameworks */ = {
			isa = PBXFrameworksBuildPhase;
			buildActionMask = 2147483647;
			files = (
				37EADAE9D95AC0783A100A10 /* WhisperKit in Frameworks */,
			);
			runOnlyForDeploymentPostprocessing = 0;
		};
/* End PBXFrameworksBuildPhase section */

/* Begin PBXGroup section */
		175D5A42AA564CF40523841D /* PlotterWidgets */ = {
			isa = PBXGroup;
			children = (
				113DAF69FB3F5B7103A098B8 /* Info.plist */,
				63CD5071FA5C9733D90B190B /* PlotterLiveActivity.swift */,
				385D31984E6C837A96E9976A /* PlotterSnapshotWidget.swift */,
				76DB6E8E01A7D93E37F0129A /* PlotterWidgets.entitlements */,
				E5DF189677F3669565CE66A2 /* PlotterWidgetsBundle.swift */,
			);
			name = PlotterWidgets;
			path = Sources/PlotterWidgets;
			sourceTree = "<group>";
		};
		41CFAF10066345B5C90B9AAC /* Frameworks */ = {
			isa = PBXGroup;
			children = (
				0057932203C8B246C76D50DC /* GhosttyKit.xcframework */,
			);
			name = Frameworks;
			sourceTree = "<group>";
		};
		488AE8285CB6D6627B1BCABE /* Wingman Watch App */ = {
			isa = PBXGroup;
			children = (
				32D547158D65899195FA3359 /* Assets.xcassets */,
				26E21596BD1590738CF89498 /* ContentView.swift */,
				7A70CFB55F5EB044D3ED5C3F /* WingmanApp.swift */,
			);
			name = "Wingman Watch App";
			path = "Sources/Wingman/Wingman Watch App";
			sourceTree = "<group>";
		};
		552E741828639BF19E6BC0CA /* PilotTests */ = {
			isa = PBXGroup;
			children = (
				F41F5AC980B9260EDB78A608 /* BrowserStartPageVisibilityTests.swift */,
				3C68475BF8E1475FC00ABFE0 /* PaneCyclingTests.swift */,
				7297FC9076A3EEE92FA359FD /* PaneInitRegressionTests.swift */,
				ADB726FAD149101B9A70CC0D /* WorkspaceRootTrackingTests.swift */,
			);
			name = PilotTests;
			path = Tests/PilotTests;
			sourceTree = "<group>";
		};
		5B2D3294128BF1C9E3478C1F /* SecureMessaging */ = {
			isa = PBXGroup;
			children = (
				860F562B6ECC3F208F44D970 /* SecureChannelTransport.swift */,
				63115D2BD54B02BCBFBC5774 /* SecureMessagingView.swift */,
			);
			path = SecureMessaging;
			sourceTree = "<group>";
		};
		621E5349772380A7FFFDEB6F /* SecureMessaging */ = {
			isa = PBXGroup;
			children = (
				7F52CD1238C31CAF42367CA2 /* SecureMessagingView.swift */,
			);
			path = SecureMessaging;
			sourceTree = "<group>";
		};
		63DF1FFF0A3F9443839E1557 /* SharedTests */ = {
			isa = PBXGroup;
			children = (
				9CFEC5B017F014E9A487D037 /* FrameProtocolTests.swift */,
				0D11744ADF836F5AE0046ECE /* SecureChannelTests.swift */,
				52A71DC4B75C15342693E47C /* SyncMessagesTests.swift */,
			);
			name = SharedTests;
			path = Tests/SharedTests;
			sourceTree = "<group>";
		};
		68A6AFD0CF88B5D0D03A00E1 /* Copilot */ = {
			isa = PBXGroup;
			children = (
				158C2018D7407AF1E5F146CB /* Assets.xcassets */,
				AA1D8AC628F3F55D563872C7 /* ContentView.swift */,
				6EEA72B1DEC139C1BC84002C /* CopilotApp.swift */,
				A0144CE36B7342F7D171F350 /* Info.plist */,
				CDB98CD0F5BCD145C5B14904 /* TrackpadView.swift */,
				A1C985F86115A698849ED108 /* VolumeScrollListView.swift */,
				5B2D3294128BF1C9E3478C1F /* SecureMessaging */,
			);
			name = Copilot;
			path = Sources/Copilot;
			sourceTree = "<group>";
		};
		6A22EF752501F66B24257BDF /* PlotterShared */ = {
			isa = PBXGroup;
			children = (
				20A51A5B0884AD1E95B51D5E /* PlotterActivityAttributes.swift */,
				682AB09642BE2C3FA96FD284 /* PlotterSnapshotStore.swift */,
			);
			name = PlotterShared;
			path = Sources/PlotterShared;
			sourceTree = "<group>";
		};
		72E7E272A076DD32552CFE89 /* CopilotUITests */ = {
			isa = PBXGroup;
			children = (
				4F06639323C2B403D53DEBC7 /* CopilotUITests.swift */,
				64D18628BFB58D751B964957 /* SnapshotHelper.swift */,
			);
			name = CopilotUITests;
			path = Tests/CopilotUITests;
			sourceTree = "<group>";
		};
		86DDEDCE771126217BE93BF1 /* Shared */ = {
			isa = PBXGroup;
			children = (
				146BC5C13A2019B42354E198 /* FrameLink.swift */,
				51953FE31BA534927A942C96 /* FrameProtocol.swift */,
				F7F6F7A1A452CDA8B641B61C /* PeerSyncService.swift */,
				201310A4047D7610189A9F4D /* SettingsView.swift */,
				67FAA18AA33DB039B0026206 /* SyncMessages.swift */,
				AFEA082D543FE38BE6F626A3 /* TranscriptionService.swift */,
				A86468B6F4D2097CC86B44E2 /* SecureChannel */,
			);
			name = Shared;
			path = Sources/Shared;
			sourceTree = "<group>";
		};
		A86468B6F4D2097CC86B44E2 /* SecureChannel */ = {
			isa = PBXGroup;
			children = (
				B944283C684052D8E37CEA34 /* ConnectionState.swift */,
				BB3905E9A184741F8BBDBC85 /* CryptoCore.swift */,
				47FBC3890175E320C78E68E1 /* DeviceIdentity.swift */,
				2886FAAE474AA84072FD5172 /* NoiseIKHandshake.swift */,
				EAB4F3EFB9309CE13F44E611 /* PacketCodec.swift */,
				271D385A8DA926A540CE6710 /* ReliableMessenger.swift */,
				D806B2F6BB75F102EA196B1F /* ReplayWindow.swift */,
				1276A49AF5B79B2DF90F9A4F /* SecureChannelResponder.swift */,
				DC0508AE36331AD5FF847915 /* SecureIdentity.swift */,
				1E59DAB0A4EFD8A5F838D0A8 /* SignalingClient.swift */,
			);
			path = SecureChannel;
			sourceTree = "<group>";
		};
		CC28789075F43F1B67EE26A6 /* Plotter */ = {
			isa = PBXGroup;
			children = (
				E42AFD4B9A8EB5AE10637F0C /* Assets.xcassets */,
				DC8EF4863BC5170A0F737E82 /* ContentView.swift */,
				898B7F76464636A04054FEA9 /* Info.plist */,
				6FA9E73F04BF651090F9D625 /* MirrorModel.swift */,
				586A8AC25F272D21EAB4475E /* Plotter.entitlements */,
				DFE92003FF31404674DF96FD /* PlotterActivityController.swift */,
				41E92ECD46F1C55A41F9D826 /* PlotterApp.swift */,
			);
			name = Plotter;
			path = Sources/Plotter;
			sourceTree = "<group>";
		};
		CE2133599350108B03394D95 /* Browser */ = {
			isa = PBXGroup;
			children = (
				D76CFD688C6FEFB4356EDBF2 /* BrowserStartPageView.swift */,
				CB128E7236AC4C65E97A2041 /* LocalServerProbe.swift */,
				4A912031A64F684013037FBB /* LocalServerScanner.swift */,
			);
			path = Browser;
			sourceTree = "<group>";
		};
		D704B31559A28EF52D8FA902 /* PlotterUITests */ = {
			isa = PBXGroup;
			children = (
				BA0D0B9E48653778D28F00CA /* PlotterUITests.swift */,
				BB0512C0240EE6A1F6AC5063 /* SnapshotHelper.swift */,
			);
			name = PlotterUITests;
			path = Tests/PlotterUITests;
			sourceTree = "<group>";
		};
		DE30D289D5BAF3D3994A8791 /* Pilot */ = {
			isa = PBXGroup;
			children = (
				7D00A3F70E212149A88CCD63 /* Assets.xcassets */,
				B028DA279E32AB30A1A75942 /* CommitListView.swift */,
				132CB022A0BDFF0DE96316EF /* ContentView.swift */,
				A8128F295B3D268259C8F98F /* EnvSecret.swift */,
				71A7E1AE9E717B53A369709B /* GhosttyTerminal.swift */,
				DE61939AF52E09E1543E7B5B /* GitCommitStore.swift */,
				09CBC9A2EAF71B52D91F96DB /* GitHubTasksStore.swift */,
				AEF294C6D54F08AFA7316B33 /* HeadphoneDetector.swift */,
				C158EABC62B1A1985C1F548E /* IDELauncher.swift */,
				0146AB6C59B6957CE9B7E874 /* Info.plist */,
				21D88EA79C48861054839A54 /* InkOverlay.swift */,
				5B068834105F375479ADF423 /* InspectorHelper.swift */,
				3773008E360B991866932E4A /* MarkdownStyler.swift */,
				3BA97D476477BE66A97A9D77 /* MouseBridge.swift */,
				DFC9BB0F198A6D5E8298B3E1 /* Note.swift */,
				E4A70BA667DE284AA151D2E2 /* NotesView.swift */,
				8B4486B0848D4DDEE5E23D18 /* Pilot.entitlements */,
				F684D74A8F12B03954CC49B3 /* PilotApp.swift */,
				DCB7A71E179389DD6C888CCD /* ScreenMirror.swift */,
				5A2C2E1B521C51A4B0B660B1 /* UIZoom.swift */,
				1B3448A85CDA9475511475C2 /* Workspace.swift */,
				93E831A131F5C50AD8808B7E /* WorkspaceActionWatcher.swift */,
				84A1B8A2C645FBE23187ECBA /* WorkspaceStore.swift */,
				24FF780CFDAA867F7C2DD4AF /* WorkspaceView.swift */,
				CE2133599350108B03394D95 /* Browser */,
				FA0BF361ED308DA2898615EE /* Device */,
				621E5349772380A7FFFDEB6F /* SecureMessaging */,
			);
			name = Pilot;
			path = Sources/Pilot;
			sourceTree = "<group>";
		};
		F636F1A41A2EA0642253731E = {
			isa = PBXGroup;
			children = (
				68A6AFD0CF88B5D0D03A00E1 /* Copilot */,
				72E7E272A076DD32552CFE89 /* CopilotUITests */,
				DE30D289D5BAF3D3994A8791 /* Pilot */,
				552E741828639BF19E6BC0CA /* PilotTests */,
				CC28789075F43F1B67EE26A6 /* Plotter */,
				6A22EF752501F66B24257BDF /* PlotterShared */,
				D704B31559A28EF52D8FA902 /* PlotterUITests */,
				175D5A42AA564CF40523841D /* PlotterWidgets */,
				86DDEDCE771126217BE93BF1 /* Shared */,
				63DF1FFF0A3F9443839E1557 /* SharedTests */,
				488AE8285CB6D6627B1BCABE /* Wingman Watch App */,
				41CFAF10066345B5C90B9AAC /* Frameworks */,
				F8B4DA7DF1CF626E57F97CC4 /* Products */,
			);
			sourceTree = "<group>";
		};
		F8B4DA7DF1CF626E57F97CC4 /* Products */ = {
			isa = PBXGroup;
			children = (
				F430B621891B5DED12E1CF39 /* Copilot.app */,
				37AF3DF097D535DA68029E46 /* CopilotUITests.xctest */,
				1C98BD914066A308C6C6C1C9 /* Pilot.app */,
				52D5914A6EBA1115A33AE425 /* PilotTests.xctest */,
				46C4196429C52AD7709CA4CF /* Plotter.app */,
				6470DA7198630EEEED1F83E5 /* PlotterUITests.xctest */,
				54378CCC8B919AFA650CF9E1 /* PlotterWidgets.appex */,
				97052041CFD5C5F3CAFA379C /* SharedTests.xctest */,
				89D37D60DA58FCD2D67F65ED /* Wingman Watch App.app */,
			);
			name = Products;
			sourceTree = "<group>";
		};
		FA0BF361ED308DA2898615EE /* Device */ = {
			isa = PBXGroup;
			children = (
				40448E5B9EBBD91D642FC080 /* DeviceCaptureRegistry.swift */,
				EFC9833035A28E24597A8997 /* DeviceCaptureSession.swift */,
				E7B90338AE3A8F5EE0CA12C6 /* DevicePaneView.swift */,
			);
			path = Device;
			sourceTree = "<group>";
		};
/* End PBXGroup section */

/* Begin PBXNativeTarget section */
		1FB5B4A55B06C22A02EB122A /* Copilot */ = {
			isa = PBXNativeTarget;
			buildConfigurationList = ED4A17FD0CB63D8A8DEF6205 /* Build configuration list for PBXNativeTarget "Copilot" */;
			buildPhases = (
				2E0D6A5CEAAE5066F03A3F35 /* Sources */,
				99138BBBFA78505CF8F343C4 /* Resources */,
				E2640209BA2CC6A25A1D2EDC /* Frameworks */,
				8C51039595230AC8FFA6443C /* Embed Watch Content */,
			);
			buildRules = (
			);
			dependencies = (
				B2650C5E62FB72F9A9383B61 /* PBXTargetDependency */,
			);
			name = Copilot;
			packageProductDependencies = (
				5C1264368FD7B88CE2870492 /* WhisperKit */,
			);
			productName = Copilot;
			productReference = F430B621891B5DED12E1CF39 /* Copilot.app */;
			productType = "com.apple.product-type.application";
		};
		3839F8E090ECA91BF1F21F50 /* PlotterUITests */ = {
			isa = PBXNativeTarget;
			buildConfigurationList = 59D6E98AE08F409F66E31B35 /* Build configuration list for PBXNativeTarget "PlotterUITests" */;
			buildPhases = (
				68C4CB7B63AA03840C9164E0 /* Sources */,
			);
			buildRules = (
			);
			dependencies = (
				8833109D0027DBF808B774DA /* PBXTargetDependency */,
			);
			name = PlotterUITests;
			productName = PlotterUITests;
			productReference = 6470DA7198630EEEED1F83E5 /* PlotterUITests.xctest */;
			productType = "com.apple.product-type.bundle.ui-testing";
		};
		474C5A4305C5C5138E36D5C1 /* Pilot */ = {
			isa = PBXNativeTarget;
			buildConfigurationList = 0DF868AEB9C13DB9D1EF1851 /* Build configuration list for PBXNativeTarget "Pilot" */;
			buildPhases = (
				79E2FD97C1AD28D569BB71AF /* Sources */,
				7D02971F0B90E14E1F971E28 /* Resources */,
				63B9D3713CC3AC0D7AD9EB9A /* Frameworks */,
			);
			buildRules = (
			);
			dependencies = (
			);
			name = Pilot;
			productName = Pilot;
			productReference = 1C98BD914066A308C6C6C1C9 /* Pilot.app */;
			productType = "com.apple.product-type.application";
		};
		478609A031F3B4AB51EDD75F /* PilotTests */ = {
			isa = PBXNativeTarget;
			buildConfigurationList = 647B62FB212BF7BB19171C91 /* Build configuration list for PBXNativeTarget "PilotTests" */;
			buildPhases = (
				C2CD0F7FE549B2DF1D736307 /* Sources */,
			);
			buildRules = (
			);
			dependencies = (
				848A01304996CA69D930D069 /* PBXTargetDependency */,
			);
			name = PilotTests;
			productName = PilotTests;
			productReference = 52D5914A6EBA1115A33AE425 /* PilotTests.xctest */;
			productType = "com.apple.product-type.bundle.unit-test";
		};
		79C8ECE1F0D9D02EDE7D57AC /* Wingman Watch App */ = {
			isa = PBXNativeTarget;
			buildConfigurationList = BA4804E5A22B054E3361B85E /* Build configuration list for PBXNativeTarget "Wingman Watch App" */;
			buildPhases = (
				6AB7A62555445F2B2CD0B3C8 /* Sources */,
				6E97130D719CCC8E3D501813 /* Resources */,
			);
			buildRules = (
			);
			dependencies = (
			);
			name = "Wingman Watch App";
			productName = "Wingman Watch App";
			productReference = 89D37D60DA58FCD2D67F65ED /* Wingman Watch App.app */;
			productType = "com.apple.product-type.application";
		};
		838060CAD5876A5C3793A1E5 /* CopilotUITests */ = {
			isa = PBXNativeTarget;
			buildConfigurationList = 169C8BA52B63E2C1002263EF /* Build configuration list for PBXNativeTarget "CopilotUITests" */;
			buildPhases = (
				B3385BFF8FA9DB6DE43493BE /* Sources */,
			);
			buildRules = (
			);
			dependencies = (
				D6FAD4960B623690EFB1F633 /* PBXTargetDependency */,
			);
			name = CopilotUITests;
			productName = CopilotUITests;
			productReference = 37AF3DF097D535DA68029E46 /* CopilotUITests.xctest */;
			productType = "com.apple.product-type.bundle.ui-testing";
		};
		CC57B2B4EA9EE254E479EEAC /* Plotter */ = {
			isa = PBXNativeTarget;
			buildConfigurationList = 4E549A8B7091A8BABF0A73E9 /* Build configuration list for PBXNativeTarget "Plotter" */;
			buildPhases = (
				A1B5E35BBA95BB854C08915F /* Sources */,
				BFDD9366BF6DA91BEE9B5030 /* Resources */,
				D7B77833FF64F645C7FAAFC9 /* Embed Foundation Extensions */,
			);
			buildRules = (
			);
			dependencies = (
				0A1AD6DF866F3D69ED6BD4B9 /* PBXTargetDependency */,
			);
			name = Plotter;
			productName = Plotter;
			productReference = 46C4196429C52AD7709CA4CF /* Plotter.app */;
			productType = "com.apple.product-type.application";
		};
		E2B7E3418BCFFEC2F64892C1 /* SharedTests */ = {
			isa = PBXNativeTarget;
			buildConfigurationList = 7EDBDE472FDC959F2CFE0302 /* Build configuration list for PBXNativeTarget "SharedTests" */;
			buildPhases = (
				1512CF1E773AA1740AFA878B /* Sources */,
			);
			buildRules = (
			);
			dependencies = (
				9E22AEE7C35FB537E6F4FF17 /* PBXTargetDependency */,
			);
			name = SharedTests;
			productName = SharedTests;
			productReference = 97052041CFD5C5F3CAFA379C /* SharedTests.xctest */;
			productType = "com.apple.product-type.bundle.unit-test";
		};
		FFBA445E4B0353896DD8D03B /* PlotterWidgets */ = {
			isa = PBXNativeTarget;
			buildConfigurationList = D5808CE575BB020A9E44B655 /* Build configuration list for PBXNativeTarget "PlotterWidgets" */;
			buildPhases = (
				445972158CFE8601C604E47D /* Sources */,
			);
			buildRules = (
			);
			dependencies = (
			);
			name = PlotterWidgets;
			productName = PlotterWidgets;
			productReference = 54378CCC8B919AFA650CF9E1 /* PlotterWidgets.appex */;
			productType = "com.apple.product-type.app-extension";
		};
/* End PBXNativeTarget section */

/* Begin PBXProject section */
		82D0EC6B4C927437585C0414 /* Project object */ = {
			isa = PBXProject;
			attributes = {
				BuildIndependentTargetsInParallel = YES;
				LastUpgradeCheck = 2600;
				TargetAttributes = {
					1FB5B4A55B06C22A02EB122A = {
						DevelopmentTeam = K78G42H4U2;
					};
					3839F8E090ECA91BF1F21F50 = {
						DevelopmentTeam = K78G42H4U2;
						TestTargetID = CC57B2B4EA9EE254E479EEAC;
					};
					474C5A4305C5C5138E36D5C1 = {
						DevelopmentTeam = K78G42H4U2;
					};
					478609A031F3B4AB51EDD75F = {
						DevelopmentTeam = K78G42H4U2;
					};
					79C8ECE1F0D9D02EDE7D57AC = {
						DevelopmentTeam = K78G42H4U2;
					};
					838060CAD5876A5C3793A1E5 = {
						DevelopmentTeam = K78G42H4U2;
						TestTargetID = 1FB5B4A55B06C22A02EB122A;
					};
					CC57B2B4EA9EE254E479EEAC = {
						DevelopmentTeam = K78G42H4U2;
					};
					E2B7E3418BCFFEC2F64892C1 = {
						DevelopmentTeam = K78G42H4U2;
					};
					FFBA445E4B0353896DD8D03B = {
						DevelopmentTeam = K78G42H4U2;
					};
				};
			};
			buildConfigurationList = 74ADF296704D0196519381CD /* Build configuration list for PBXProject "blau" */;
			compatibilityVersion = "Xcode 14.0";
			developmentRegion = en;
			hasScannedForEncodings = 0;
			knownRegions = (
				Base,
				en,
			);
			mainGroup = F636F1A41A2EA0642253731E;
			packageReferences = (
				50F0B147F324DFF1703BC4B0 /* XCRemoteSwiftPackageReference "WhisperKit" */,
			);
			projectDirPath = "";
			projectRoot = "";
			targets = (
				1FB5B4A55B06C22A02EB122A /* Copilot */,
				838060CAD5876A5C3793A1E5 /* CopilotUITests */,
				474C5A4305C5C5138E36D5C1 /* Pilot */,
				478609A031F3B4AB51EDD75F /* PilotTests */,
				CC57B2B4EA9EE254E479EEAC /* Plotter */,
				3839F8E090ECA91BF1F21F50 /* PlotterUITests */,
				FFBA445E4B0353896DD8D03B /* PlotterWidgets */,
				E2B7E3418BCFFEC2F64892C1 /* SharedTests */,
				79C8ECE1F0D9D02EDE7D57AC /* Wingman Watch App */,
			);
		};
/* End PBXProject section */

/* Begin PBXResourcesBuildPhase section */
		6E97130D719CCC8E3D501813 /* Resources */ = {
			isa = PBXResourcesBuildPhase;
			buildActionMask = 2147483647;
			files = (
				C0B083B9A7F2E253F890ABC0 /* Assets.xcassets in Resources */,
			);
			runOnlyForDeploymentPostprocessing = 0;
		};
		7D02971F0B90E14E1F971E28 /* Resources */ = {
			isa = PBXResourcesBuildPhase;
			buildActionMask = 2147483647;
			files = (
				1F253D4F3DCD296F823A2E74 /* Assets.xcassets in Resources */,
			);
			runOnlyForDeploymentPostprocessing = 0;
		};
		99138BBBFA78505CF8F343C4 /* Resources */ = {
			isa = PBXResourcesBuildPhase;
			buildActionMask = 2147483647;
			files = (
				75A366911772F72DFFF5B2E1 /* Assets.xcassets in Resources */,
			);
			runOnlyForDeploymentPostprocessing = 0;
		};
		BFDD9366BF6DA91BEE9B5030 /* Resources */ = {
			isa = PBXResourcesBuildPhase;
			buildActionMask = 2147483647;
			files = (
				E974BEB84F83FBDAD2A14AB3 /* Assets.xcassets in Resources */,
			);
			runOnlyForDeploymentPostprocessing = 0;
		};
/* End PBXResourcesBuildPhase section */

/* Begin PBXSourcesBuildPhase section */
		1512CF1E773AA1740AFA878B /* Sources */ = {
			isa = PBXSourcesBuildPhase;
			buildActionMask = 2147483647;
			files = (
				4AACBD292BDABB8FD5AF98EE /* FrameProtocolTests.swift in Sources */,
				293188CEE10FB1DD38C66CFB /* SecureChannelTests.swift in Sources */,
				91698151B8722ED0E14C60E9 /* SyncMessagesTests.swift in Sources */,
			);
			runOnlyForDeploymentPostprocessing = 0;
		};
		2E0D6A5CEAAE5066F03A3F35 /* Sources */ = {
			isa = PBXSourcesBuildPhase;
			buildActionMask = 2147483647;
			files = (
				9ACCE7E69E845EF4E354B2CD /* ConnectionState.swift in Sources */,
				D0614091089D4F0F461285ED /* ContentView.swift in Sources */,
				C9B227630199C8E1705AE8DC /* CopilotApp.swift in Sources */,
				A88388A8B8A982296E63C85B /* CryptoCore.swift in Sources */,
				FC38631BA6097AAE9768C54A /* DeviceIdentity.swift in Sources */,
				533EDEEDD9ABC94FFD5CE5F3 /* FrameLink.swift in Sources */,
				3F53B158E0DF1B99E6E6E53B /* FrameProtocol.swift in Sources */,
				C5C1BBABFA1C5584E05B854B /* NoiseIKHandshake.swift in Sources */,
				B1D7F5C683BA09919DE89D46 /* PacketCodec.swift in Sources */,
				B4AA393A5A3C60C033BA0A02 /* PeerSyncService.swift in Sources */,
				1C0AED863F4441C1880AD91D /* ReliableMessenger.swift in Sources */,
				479E8C915A0648AF2533D59F /* ReplayWindow.swift in Sources */,
				13C9132C3576A1EDE88F94AE /* SecureChannelResponder.swift in Sources */,
				86557E84E7B1FC2703488521 /* SecureChannelTransport.swift in Sources */,
				6DEC54ACD4D5CD70C9442990 /* SecureIdentity.swift in Sources */,
				9343B8258DC8AD0AF936D013 /* SecureMessagingView.swift in Sources */,
				4ED353C5E65DE5D19F2B1A8A /* SettingsView.swift in Sources */,
				25476346FC517A4BD788D76B /* SignalingClient.swift in Sources */,
				48B57B6199067D9FB4CB7D93 /* SyncMessages.swift in Sources */,
				77E0A9658F4C1F734114431E /* TrackpadView.swift in Sources */,
				4CEF3D647FCEBF6F8B0D61C1 /* TranscriptionService.swift in Sources */,
				4BF7276892BD5F1F7E405130 /* VolumeScrollListView.swift in Sources */,
			);
			runOnlyForDeploymentPostprocessing = 0;
		};
		445972158CFE8601C604E47D /* Sources */ = {
			isa = PBXSourcesBuildPhase;
			buildActionMask = 2147483647;
			files = (
				5CE443D65778BB0585311E3A /* PlotterActivityAttributes.swift in Sources */,
				7AB890387351E6DFD8F96F64 /* PlotterLiveActivity.swift in Sources */,
				4C9E895130BECBE40AB68F22 /* PlotterSnapshotStore.swift in Sources */,
				6827D1977814F3808D1FBACF /* PlotterSnapshotWidget.swift in Sources */,
				75425F617DE13B7F5819788A /* PlotterWidgetsBundle.swift in Sources */,
			);
			runOnlyForDeploymentPostprocessing = 0;
		};
		68C4CB7B63AA03840C9164E0 /* Sources */ = {
			isa = PBXSourcesBuildPhase;
			buildActionMask = 2147483647;
			files = (
				0E9EAAAA53C75022BA7F2B52 /* PlotterUITests.swift in Sources */,
				224F34F95C680F2F2962C733 /* SnapshotHelper.swift in Sources */,
			);
			runOnlyForDeploymentPostprocessing = 0;
		};
		6AB7A62555445F2B2CD0B3C8 /* Sources */ = {
			isa = PBXSourcesBuildPhase;
			buildActionMask = 2147483647;
			files = (
				B50B053F283AA448A9ACDB56 /* ContentView.swift in Sources */,
				5A01C1F25324B7BD662C6A6F /* WingmanApp.swift in Sources */,
			);
			runOnlyForDeploymentPostprocessing = 0;
		};
		79E2FD97C1AD28D569BB71AF /* Sources */ = {
			isa = PBXSourcesBuildPhase;
			buildActionMask = 2147483647;
			files = (
				0D500EBE09A6E38A272B0733 /* BrowserStartPageView.swift in Sources */,
				CB797869A7D03477CAC989A2 /* CommitListView.swift in Sources */,
				595E0534F01685E42F0982C7 /* ConnectionState.swift in Sources */,
				1D5F70DCFE144EB480C64B17 /* ContentView.swift in Sources */,
				7787D323F49C1FE76418B9B5 /* CryptoCore.swift in Sources */,
				9E43FEF6FB23D25B023ED32A /* DeviceCaptureRegistry.swift in Sources */,
				84FC1A823C720C809A576D45 /* DeviceCaptureSession.swift in Sources */,
				89F1AA2347092C088C969903 /* DeviceIdentity.swift in Sources */,
				18FED2F1C7DFB765BE7F8A53 /* DevicePaneView.swift in Sources */,
				7E673C3AAC69631D9B9809E2 /* EnvSecret.swift in Sources */,
				FB51EDCD634335282B1FE07D /* FrameLink.swift in Sources */,
				B50854F8DDEEB5A8A9EE4FF2 /* FrameProtocol.swift in Sources */,
				72A25CCED00C4DA32999DC63 /* GhosttyTerminal.swift in Sources */,
				F797C21E5A72C28BD91D6073 /* GitCommitStore.swift in Sources */,
				E57F6CDE4BED1E1E9489FE9E /* GitHubTasksStore.swift in Sources */,
				9CCB3AE0ECFF1D2D7C809867 /* HeadphoneDetector.swift in Sources */,
				8A94170AE83036EEA8FD2924 /* IDELauncher.swift in Sources */,
				3DA4B44B89281F76759EE2CE /* InkOverlay.swift in Sources */,
				6215B9C6DFBF73DB93072BD2 /* InspectorHelper.swift in Sources */,
				255E48A2365C7AA480C081DC /* LocalServerProbe.swift in Sources */,
				2D467D25E5DB354DC43D8451 /* LocalServerScanner.swift in Sources */,
				EA6044046223AE65A20D870B /* MarkdownStyler.swift in Sources */,
				1CA7F3A0C7FE6D35905BADD4 /* MouseBridge.swift in Sources */,
				C24963188EB7118E15217C8C /* NoiseIKHandshake.swift in Sources */,
				1E52F4B58A701BDEFF78E2D0 /* Note.swift in Sources */,
				63E9991ECBF43248AC1D2DCF /* NotesView.swift in Sources */,
				9B6D46745F7A61AD64420E99 /* PacketCodec.swift in Sources */,
				CF0427ED034B7A71489D82F9 /* PeerSyncService.swift in Sources */,
				CF25C25C1E10668E3348460F /* PilotApp.swift in Sources */,
				64F5BBAD2D8C4BF5CDAAC40A /* ReliableMessenger.swift in Sources */,
				F75FC2F068710EC5DA74BE40 /* ReplayWindow.swift in Sources */,
				873845340784690BC3748654 /* ScreenMirror.swift in Sources */,
				6D51318DAE223B1A7B3D7D42 /* SecureChannelResponder.swift in Sources */,
				72D7ECC607D4CD5FB26BF992 /* SecureIdentity.swift in Sources */,
				FED2912382E4B18B1A121872 /* SecureMessagingView.swift in Sources */,
				6684B7C0B05ED55FA9992E54 /* SettingsView.swift in Sources */,
				7870D5E6E8A740AE7DAA76CB /* SignalingClient.swift in Sources */,
				83D64D93C19B54470E4E1C2C /* SyncMessages.swift in Sources */,
				506D51547D6AA3C40D9B1161 /* UIZoom.swift in Sources */,
				A755A8C5DCFF1165E408136A /* Workspace.swift in Sources */,
				EF6268702B8DB6CF936E2180 /* WorkspaceActionWatcher.swift in Sources */,
				7C8C2A101382F27189DA38D6 /* WorkspaceStore.swift in Sources */,
				61F220E0506458F5A49CEDE8 /* WorkspaceView.swift in Sources */,
			);
			runOnlyForDeploymentPostprocessing = 0;
		};
		A1B5E35BBA95BB854C08915F /* Sources */ = {
			isa = PBXSourcesBuildPhase;
			buildActionMask = 2147483647;
			files = (
				BDD20887ADEB07BF20E815EC /* ConnectionState.swift in Sources */,
				CD1F0F4FF15F92BBFB35AC33 /* ContentView.swift in Sources */,
				E7006D0803DB97A507D8A7AB /* CryptoCore.swift in Sources */,
				3545321A34BFFECEA11D63DC /* DeviceIdentity.swift in Sources */,
				607A0F256022817764CF666E /* FrameLink.swift in Sources */,
				B20CBBDC7065EFE8CB2A5498 /* FrameProtocol.swift in Sources */,
				1A974E3908CCE01E060E0EAB /* MirrorModel.swift in Sources */,
				250AC69F8F2717E2E522BF96 /* NoiseIKHandshake.swift in Sources */,
				A9D25668C070DD5356945E42 /* PacketCodec.swift in Sources */,
				339F5BBB351B82A12074E4DB /* PeerSyncService.swift in Sources */,
				C6C8CE7D36C5337515F76BA2 /* PlotterActivityAttributes.swift in Sources */,
				1A278D4E89A91729E34FC9BE /* PlotterActivityController.swift in Sources */,
				1229285BE969EB6EE4F9791C /* PlotterApp.swift in Sources */,
				8E7E4A3268249CACC57B046D /* PlotterSnapshotStore.swift in Sources */,
				61B433541ADB12AA681DD9F3 /* ReliableMessenger.swift in Sources */,
				3369A804F0446E79A2209662 /* ReplayWindow.swift in Sources */,
				20E32E80EFDFEC4BAE8E5966 /* SecureChannelResponder.swift in Sources */,
				B3CA588D08A771A14426BE5D /* SecureIdentity.swift in Sources */,
				64CB71202BAB8AE61AFADDF1 /* SettingsView.swift in Sources */,
				409BF267099B0CC2035B8471 /* SignalingClient.swift in Sources */,
				FFB527B6162A6FC0DF966C77 /* SyncMessages.swift in Sources */,
			);
			runOnlyForDeploymentPostprocessing = 0;
		};
		B3385BFF8FA9DB6DE43493BE /* Sources */ = {
			isa = PBXSourcesBuildPhase;
			buildActionMask = 2147483647;
			files = (
				8E40BD57F90EBBCBC354C356 /* CopilotUITests.swift in Sources */,
				DA86DAE82E6503F4950D487A /* SnapshotHelper.swift in Sources */,
			);
			runOnlyForDeploymentPostprocessing = 0;
		};
		C2CD0F7FE549B2DF1D736307 /* Sources */ = {
			isa = PBXSourcesBuildPhase;
			buildActionMask = 2147483647;
			files = (
				FFDC16C3D0A160CCB1BCBDCF /* BrowserStartPageVisibilityTests.swift in Sources */,
				CAD4FA3FEF71B408F5A1C332 /* PaneCyclingTests.swift in Sources */,
				97CCEC7CB74BCC87DC23E339 /* PaneInitRegressionTests.swift in Sources */,
				B4E96CEA7BF0CCD5D84C0B86 /* WorkspaceRootTrackingTests.swift in Sources */,
			);
			runOnlyForDeploymentPostprocessing = 0;
		};
/* End PBXSourcesBuildPhase section */

/* Begin PBXTargetDependency section */
		0A1AD6DF866F3D69ED6BD4B9 /* PBXTargetDependency */ = {
			isa = PBXTargetDependency;
			target = FFBA445E4B0353896DD8D03B /* PlotterWidgets */;
			targetProxy = 2143CD2323519939276CAEF9 /* PBXContainerItemProxy */;
		};
		848A01304996CA69D930D069 /* PBXTargetDependency */ = {
			isa = PBXTargetDependency;
			target = 474C5A4305C5C5138E36D5C1 /* Pilot */;
			targetProxy = FA29AA030FC6C19055EF989E /* PBXContainerItemProxy */;
		};
		8833109D0027DBF808B774DA /* PBXTargetDependency */ = {
			isa = PBXTargetDependency;
			target = CC57B2B4EA9EE254E479EEAC /* Plotter */;
			targetProxy = B7786C25B35D4ECA60C138C9 /* PBXContainerItemProxy */;
		};
		9E22AEE7C35FB537E6F4FF17 /* PBXTargetDependency */ = {
			isa = PBXTargetDependency;
			target = 1FB5B4A55B06C22A02EB122A /* Copilot */;
			targetProxy = 7A0E2A35D43B76E3523CAF68 /* PBXContainerItemProxy */;
		};
		B2650C5E62FB72F9A9383B61 /* PBXTargetDependency */ = {
			isa = PBXTargetDependency;
			target = 79C8ECE1F0D9D02EDE7D57AC /* Wingman Watch App */;
			targetProxy = 45FAC0FE492C89EC95D428CB /* PBXContainerItemProxy */;
		};
		D6FAD4960B623690EFB1F633 /* PBXTargetDependency */ = {
			isa = PBXTargetDependency;
			target = 1FB5B4A55B06C22A02EB122A /* Copilot */;
			targetProxy = 4036B280B5531733D0D7F708 /* PBXContainerItemProxy */;
		};
/* End PBXTargetDependency section */

/* Begin XCBuildConfiguration section */
		0A50B1118B7355379BCE036A /* Release */ = {
			isa = XCBuildConfiguration;
			buildSettings = {
				ASSETCATALOG_COMPILER_APPICON_NAME = AppIcon;
				CODE_SIGN_ENTITLEMENTS = Sources/Pilot/Pilot.entitlements;
				COMBINE_HIDPI_IMAGES = YES;
				CURRENT_PROJECT_VERSION = 1;
				FRAMEWORK_SEARCH_PATHS = (
					"$(inherited)",
					"\"Frameworks\"",
				);
				GENERATE_INFOPLIST_FILE = NO;
				INFOPLIST_FILE = Sources/Pilot/Info.plist;
				LD_RUNPATH_SEARCH_PATHS = (
					"$(inherited)",
					"@executable_path/../Frameworks",
				);
				MARKETING_VERSION = 1.0.0;
				OTHER_LDFLAGS = (
					"-lc++",
					"-framework",
					Metal,
					"-framework",
					MetalKit,
					"-framework",
					QuartzCore,
					"-framework",
					CoreText,
					"-framework",
					IOKit,
					"-framework",
					IOSurface,
					"-framework",
					CoreGraphics,
					"-framework",
					Foundation,
					"-framework",
					Carbon,
					"-framework",
					CoreFoundation,
					"-framework",
					AppKit,
					"-framework",
					CoreServices,
					"-framework",
					AVFoundation,
					"-framework",
					CoreMedia,
					"-framework",
					CoreMediaIO,
				);
				PRODUCT_BUNDLE_IDENTIFIER = app.blau.pilot;
				PRODUCT_NAME = Pilot;
				SDKROOT = macosx;
			};
			name = Release;
		};
		10F30199E4EFD4EAACF4879A /* Debug */ = {
			isa = XCBuildConfiguration;
			buildSettings = {
				CODE_SIGN_ENTITLEMENTS = Sources/PlotterWidgets/PlotterWidgets.entitlements;
				CURRENT_PROJECT_VERSION = 1;
				GENERATE_INFOPLIST_FILE = NO;
				INFOPLIST_FILE = Sources/PlotterWidgets/Info.plist;
				LD_RUNPATH_SEARCH_PATHS = (
					"$(inherited)",
					"@executable_path/Frameworks",
					"@executable_path/../../Frameworks",
				);
				MARKETING_VERSION = 1.0.0;
				PRODUCT_BUNDLE_IDENTIFIER = app.blau.plotter.widgets;
				PRODUCT_NAME = PlotterWidgets;
				SDKROOT = iphoneos;
				SKIP_INSTALL = YES;
				SUPPORTED_PLATFORMS = "iphoneos iphonesimulator";
				TARGETED_DEVICE_FAMILY = 2;
			};
			name = Debug;
		};
		13EA9FFE5718923E710AC664 /* Release */ = {
			isa = XCBuildConfiguration;
			buildSettings = {
				BUNDLE_LOADER = "$(TEST_HOST)";
				GENERATE_INFOPLIST_FILE = YES;
				LD_RUNPATH_SEARCH_PATHS = (
					"$(inherited)",
					"@executable_path/Frameworks",
					"@loader_path/Frameworks",
				);
				PRODUCT_BUNDLE_IDENTIFIER = app.blau.copilot.uitests;
				SDKROOT = iphoneos;
				TARGETED_DEVICE_FAMILY = "1,2";
				TEST_TARGET_NAME = Copilot;
			};
			name = Release;
		};
		190C4C4ECE3809DAD4674BD5 /* Debug */ = {
			isa = XCBuildConfiguration;
			buildSettings = {
				BUNDLE_LOADER = "$(TEST_HOST)";
				COMBINE_HIDPI_IMAGES = YES;
				GENERATE_INFOPLIST_FILE = YES;
				LD_RUNPATH_SEARCH_PATHS = (
					"$(inherited)",
					"@executable_path/../Frameworks",
					"@loader_path/../Frameworks",
				);
				PRODUCT_BUNDLE_IDENTIFIER = app.blau.pilot.tests;
				SDKROOT = macosx;
				TEST_HOST = "$(BUILT_PRODUCTS_DIR)/Pilot.app/Contents/MacOS/Pilot";
			};
			name = Debug;
		};
		25BEF14C0763464E0897051F /* Debug */ = {
			isa = XCBuildConfiguration;
			buildSettings = {
				ALWAYS_SEARCH_USER_PATHS = NO;
				CLANG_ANALYZER_NONNULL = YES;
				CLANG_ANALYZER_NUMBER_OBJECT_CONVERSION = YES_AGGRESSIVE;
				CLANG_CXX_LANGUAGE_STANDARD = "gnu++14";
				CLANG_CXX_LIBRARY = "libc++";
				CLANG_ENABLE_MODULES = YES;
				CLANG_ENABLE_OBJC_ARC = YES;
				CLANG_ENABLE_OBJC_WEAK = YES;
				CLANG_WARN_BLOCK_CAPTURE_AUTORELEASING = YES;
				CLANG_WARN_BOOL_CONVERSION = YES;
				CLANG_WARN_COMMA = YES;
				CLANG_WARN_CONSTANT_CONVERSION = YES;
				CLANG_WARN_DEPRECATED_OBJC_IMPLEMENTATIONS = YES;
				CLANG_WARN_DIRECT_OBJC_ISA_USAGE = YES_ERROR;
				CLANG_WARN_DOCUMENTATION_COMMENTS = YES;
				CLANG_WARN_EMPTY_BODY = YES;
				CLANG_WARN_ENUM_CONVERSION = YES;
				CLANG_WARN_INFINITE_RECURSION = YES;
				CLANG_WARN_INT_CONVERSION = YES;
				CLANG_WARN_NON_LITERAL_NULL_CONVERSION = YES;
				CLANG_WARN_OBJC_IMPLICIT_RETAIN_SELF = YES;
				CLANG_WARN_OBJC_LITERAL_CONVERSION = YES;
				CLANG_WARN_OBJC_ROOT_CLASS = YES_ERROR;
				CLANG_WARN_QUOTED_INCLUDE_IN_FRAMEWORK_HEADER = YES;
				CLANG_WARN_RANGE_LOOP_ANALYSIS = YES;
				CLANG_WARN_STRICT_PROTOTYPES = YES;
				CLANG_WARN_SUSPICIOUS_MOVE = YES;
				CLANG_WARN_UNGUARDED_AVAILABILITY = YES_AGGRESSIVE;
				CLANG_WARN_UNREACHABLE_CODE = YES;
				CLANG_WARN__DUPLICATE_METHOD_MATCH = YES;
				COPY_PHASE_STRIP = NO;
				DEBUG_INFORMATION_FORMAT = dwarf;
				DEVELOPMENT_TEAM = K78G42H4U2;
				ENABLE_STRICT_OBJC_MSGSEND = YES;
				ENABLE_TESTABILITY = YES;
				ENABLE_USER_SCRIPT_SANDBOXING = YES;
				GCC_C_LANGUAGE_STANDARD = gnu11;
				GCC_DYNAMIC_NO_PIC = NO;
				GCC_NO_COMMON_BLOCKS = YES;
				GCC_OPTIMIZATION_LEVEL = 0;
				GCC_PREPROCESSOR_DEFINITIONS = (
					"$(inherited)",
					"DEBUG=1",
				);
				GCC_WARN_64_TO_32_BIT_CONVERSION = YES;
				GCC_WARN_ABOUT_RETURN_TYPE = YES_ERROR;
				GCC_WARN_UNDECLARED_SELECTOR = YES;
				GCC_WARN_UNINITIALIZED_AUTOS = YES_AGGRESSIVE;
				GCC_WARN_UNUSED_FUNCTION = YES;
				GCC_WARN_UNUSED_VARIABLE = YES;
				IPHONEOS_DEPLOYMENT_TARGET = 26.0;
				MACOSX_DEPLOYMENT_TARGET = 26.0;
				MTL_ENABLE_DEBUG_INFO = INCLUDE_SOURCE;
				MTL_FAST_MATH = YES;
				ONLY_ACTIVE_ARCH = YES;
				PRODUCT_NAME = "$(TARGET_NAME)";
				SWIFT_ACTIVE_COMPILATION_CONDITIONS = DEBUG;
				SWIFT_INCLUDE_PATHS = (
					"$(inherited)",
					"$(BUILD_DIR)/../../swift-collections/build/$(CONFIGURATION)$(EFFECTIVE_PLATFORM_NAME)",
				);
				SWIFT_OPTIMIZATION_LEVEL = "-Onone";
				SWIFT_VERSION = 6.0;
				WATCHOS_DEPLOYMENT_TARGET = 26.0;
			};
			name = Debug;
		};
		2693328C67C72687F4EE126A /* Release */ = {
			isa = XCBuildConfiguration;
			buildSettings = {
				ASSETCATALOG_COMPILER_APPICON_NAME = AppIcon;
				CURRENT_PROJECT_VERSION = 1;
				GENERATE_INFOPLIST_FILE = YES;
				INFOPLIST_KEY_WKCompanionAppBundleIdentifier = app.blau.copilot;
				MARKETING_VERSION = 1.0.0;
				PRODUCT_BUNDLE_IDENTIFIER = app.blau.copilot.watchkitapp;
				PRODUCT_NAME = Wingman;
				SDKROOT = watchos;
				SKIP_INSTALL = YES;
				TARGETED_DEVICE_FAMILY = 4;
			};
			name = Release;
		};
		3A395BC3BD924EF764DE7422 /* Debug */ = {
			isa = XCBuildConfiguration;
			buildSettings = {
				ASSETCATALOG_COMPILER_APPICON_NAME = AppIcon;
				CODE_SIGN_ENTITLEMENTS = Sources/Plotter/Plotter.entitlements;
				CODE_SIGN_IDENTITY = "iPhone Developer";
				CURRENT_PROJECT_VERSION = 1;
				GENERATE_INFOPLIST_FILE = NO;
				INFOPLIST_FILE = Sources/Plotter/Info.plist;
				LD_RUNPATH_SEARCH_PATHS = (
					"$(inherited)",
					"@executable_path/Frameworks",
				);
				MARKETING_VERSION = 1.0.0;
				PRODUCT_BUNDLE_IDENTIFIER = app.blau.plotter;
				PRODUCT_NAME = Plotter;
				SDKROOT = iphoneos;
				SUPPORTED_PLATFORMS = "iphoneos iphonesimulator";
				TARGETED_DEVICE_FAMILY = 2;
			};
			name = Debug;
		};
		422660FA33E4C743103B582A /* Release */ = {
			isa = XCBuildConfiguration;
			buildSettings = {
				BUNDLE_LOADER = "$(TEST_HOST)";
				GENERATE_INFOPLIST_FILE = YES;
				LD_RUNPATH_SEARCH_PATHS = (
					"$(inherited)",
					"@executable_path/Frameworks",
					"@loader_path/Frameworks",
				);
				PRODUCT_BUNDLE_IDENTIFIER = app.blau.plotter.uitests;
				SDKROOT = iphoneos;
				TARGETED_DEVICE_FAMILY = "1,2";
				TEST_TARGET_NAME = Plotter;
			};
			name = Release;
		};
		59AA1E6D15205B64D9A86068 /* Debug */ = {
			isa = XCBuildConfiguration;
			buildSettings = {
				BUNDLE_LOADER = "$(TEST_HOST)";
				GENERATE_INFOPLIST_FILE = YES;
				LD_RUNPATH_SEARCH_PATHS = (
					"$(inherited)",
					"@executable_path/Frameworks",
					"@loader_path/Frameworks",
				);
				PRODUCT_BUNDLE_IDENTIFIER = app.blau.copilot.tests;
				SDKROOT = iphoneos;
				TARGETED_DEVICE_FAMILY = "1,2";
				TEST_HOST = "$(BUILT_PRODUCTS_DIR)/Copilot.app/$(BUNDLE_EXECUTABLE_FOLDER_PATH)/Copilot";
			};
			name = Debug;
		};
		888DA371700DF1358EFB86DC /* Debug */ = {
			isa = XCBuildConfiguration;
			buildSettings = {
				BUNDLE_LOADER = "$(TEST_HOST)";
				GENERATE_INFOPLIST_FILE = YES;
				LD_RUNPATH_SEARCH_PATHS = (
					"$(inherited)",
					"@executable_path/Frameworks",
					"@loader_path/Frameworks",
				);
				PRODUCT_BUNDLE_IDENTIFIER = app.blau.copilot.uitests;
				SDKROOT = iphoneos;
				TARGETED_DEVICE_FAMILY = "1,2";
				TEST_TARGET_NAME = Copilot;
			};
			name = Debug;
		};
		93B892ECF29E67078107818E /* Debug */ = {
			isa = XCBuildConfiguration;
			buildSettings = {
				ASSETCATALOG_COMPILER_APPICON_NAME = AppIcon;
				CODE_SIGN_IDENTITY = "iPhone Developer";
				CURRENT_PROJECT_VERSION = 1;
				GENERATE_INFOPLIST_FILE = NO;
				INFOPLIST_FILE = Sources/Copilot/Info.plist;
				LD_RUNPATH_SEARCH_PATHS = (
					"$(inherited)",
					"@executable_path/Frameworks",
				);
				MARKETING_VERSION = 1.0.0;
				PRODUCT_BUNDLE_IDENTIFIER = app.blau.copilot;
				PRODUCT_NAME = Copilot;
				SDKROOT = iphoneos;
				SWIFT_ACTIVE_COMPILATION_CONDITIONS = COPILOT;
				TARGETED_DEVICE_FAMILY = 1;
			};
			name = Debug;
		};
		9781C7AAB7D3517DD6B6D1DF /* Debug */ = {
			isa = XCBuildConfiguration;
			buildSettings = {
				BUNDLE_LOADER = "$(TEST_HOST)";
				GENERATE_INFOPLIST_FILE = YES;
				LD_RUNPATH_SEARCH_PATHS = (
					"$(inherited)",
					"@executable_path/Frameworks",
					"@loader_path/Frameworks",
				);
				PRODUCT_BUNDLE_IDENTIFIER = app.blau.plotter.uitests;
				SDKROOT = iphoneos;
				TARGETED_DEVICE_FAMILY = "1,2";
				TEST_TARGET_NAME = Plotter;
			};
			name = Debug;
		};
		9D5B6532F3AD9C9D312B3A24 /* Debug */ = {
			isa = XCBuildConfiguration;
			buildSettings = {
				ASSETCATALOG_COMPILER_APPICON_NAME = AppIcon;
				CURRENT_PROJECT_VERSION = 1;
				GENERATE_INFOPLIST_FILE = YES;
				INFOPLIST_KEY_WKCompanionAppBundleIdentifier = app.blau.copilot;
				MARKETING_VERSION = 1.0.0;
				PRODUCT_BUNDLE_IDENTIFIER = app.blau.copilot.watchkitapp;
				PRODUCT_NAME = Wingman;
				SDKROOT = watchos;
				SKIP_INSTALL = YES;
				TARGETED_DEVICE_FAMILY = 4;
			};
			name = Debug;
		};
		A708C88465979E95AA9868E1 /* Release */ = {
			isa = XCBuildConfiguration;
			buildSettings = {
				ASSETCATALOG_COMPILER_APPICON_NAME = AppIcon;
				CODE_SIGN_ENTITLEMENTS = Sources/Plotter/Plotter.entitlements;
				CODE_SIGN_IDENTITY = "iPhone Developer";
				CURRENT_PROJECT_VERSION = 1;
				GENERATE_INFOPLIST_FILE = NO;
				INFOPLIST_FILE = Sources/Plotter/Info.plist;
				LD_RUNPATH_SEARCH_PATHS = (
					"$(inherited)",
					"@executable_path/Frameworks",
				);
				MARKETING_VERSION = 1.0.0;
				PRODUCT_BUNDLE_IDENTIFIER = app.blau.plotter;
				PRODUCT_NAME = Plotter;
				SDKROOT = iphoneos;
				SUPPORTED_PLATFORMS = "iphoneos iphonesimulator";
				TARGETED_DEVICE_FAMILY = 2;
			};
			name = Release;
		};
		B99D185EA8698454BCBC2335 /* Release */ = {
			isa = XCBuildConfiguration;
			buildSettings = {
				BUNDLE_LOADER = "$(TEST_HOST)";
				COMBINE_HIDPI_IMAGES = YES;
				GENERATE_INFOPLIST_FILE = YES;
				LD_RUNPATH_SEARCH_PATHS = (
					"$(inherited)",
					"@executable_path/../Frameworks",
					"@loader_path/../Frameworks",
				);
				PRODUCT_BUNDLE_IDENTIFIER = app.blau.pilot.tests;
				SDKROOT = macosx;
				TEST_HOST = "$(BUILT_PRODUCTS_DIR)/Pilot.app/Contents/MacOS/Pilot";
			};
			name = Release;
		};
		CE64916068E258142034396B /* Release */ = {
			isa = XCBuildConfiguration;
			buildSettings = {
				CODE_SIGN_ENTITLEMENTS = Sources/PlotterWidgets/PlotterWidgets.entitlements;
				CURRENT_PROJECT_VERSION = 1;
				GENERATE_INFOPLIST_FILE = NO;
				INFOPLIST_FILE = Sources/PlotterWidgets/Info.plist;
				LD_RUNPATH_SEARCH_PATHS = (
					"$(inherited)",
					"@executable_path/Frameworks",
					"@executable_path/../../Frameworks",
				);
				MARKETING_VERSION = 1.0.0;
				PRODUCT_BUNDLE_IDENTIFIER = app.blau.plotter.widgets;
				PRODUCT_NAME = PlotterWidgets;
				SDKROOT = iphoneos;
				SKIP_INSTALL = YES;
				SUPPORTED_PLATFORMS = "iphoneos iphonesimulator";
				TARGETED_DEVICE_FAMILY = 2;
			};
			name = Release;
		};
		D8353E11C02043EF1281F3ED /* Debug */ = {
			isa = XCBuildConfiguration;
			buildSettings = {
				ASSETCATALOG_COMPILER_APPICON_NAME = AppIcon;
				CODE_SIGN_ENTITLEMENTS = Sources/Pilot/Pilot.entitlements;
				CODE_SIGN_IDENTITY = "Apple Development";
				CODE_SIGN_STYLE = Automatic;
				COMBINE_HIDPI_IMAGES = YES;
				CURRENT_PROJECT_VERSION = 1;
				FRAMEWORK_SEARCH_PATHS = (
					"$(inherited)",
					"\"Frameworks\"",
				);
				GENERATE_INFOPLIST_FILE = NO;
				INFOPLIST_FILE = Sources/Pilot/Info.plist;
				LD_RUNPATH_SEARCH_PATHS = (
					"$(inherited)",
					"@executable_path/../Frameworks",
				);
				MARKETING_VERSION = 1.0.0;
				OTHER_LDFLAGS = (
					"-lc++",
					"-framework",
					Metal,
					"-framework",
					MetalKit,
					"-framework",
					QuartzCore,
					"-framework",
					CoreText,
					"-framework",
					IOKit,
					"-framework",
					IOSurface,
					"-framework",
					CoreGraphics,
					"-framework",
					Foundation,
					"-framework",
					Carbon,
					"-framework",
					CoreFoundation,
					"-framework",
					AppKit,
					"-framework",
					CoreServices,
					"-framework",
					AVFoundation,
					"-framework",
					CoreMedia,
					"-framework",
					CoreMediaIO,
				);
				PRODUCT_BUNDLE_IDENTIFIER = app.blau.pilot;
				PRODUCT_NAME = Pilot;
				SDKROOT = macosx;
			};
			name = Debug;
		};
		E0C3FDD91139D9455EAE4F6E /* Release */ = {
			isa = XCBuildConfiguration;
			buildSettings = {
				ALWAYS_SEARCH_USER_PATHS = NO;
				CLANG_ANALYZER_NONNULL = YES;
				CLANG_ANALYZER_NUMBER_OBJECT_CONVERSION = YES_AGGRESSIVE;
				CLANG_CXX_LANGUAGE_STANDARD = "gnu++14";
				CLANG_CXX_LIBRARY = "libc++";
				CLANG_ENABLE_MODULES = YES;
				CLANG_ENABLE_OBJC_ARC = YES;
				CLANG_ENABLE_OBJC_WEAK = YES;
				CLANG_WARN_BLOCK_CAPTURE_AUTORELEASING = YES;
				CLANG_WARN_BOOL_CONVERSION = YES;
				CLANG_WARN_COMMA = YES;
				CLANG_WARN_CONSTANT_CONVERSION = YES;
				CLANG_WARN_DEPRECATED_OBJC_IMPLEMENTATIONS = YES;
				CLANG_WARN_DIRECT_OBJC_ISA_USAGE = YES_ERROR;
				CLANG_WARN_DOCUMENTATION_COMMENTS = YES;
				CLANG_WARN_EMPTY_BODY = YES;
				CLANG_WARN_ENUM_CONVERSION = YES;
				CLANG_WARN_INFINITE_RECURSION = YES;
				CLANG_WARN_INT_CONVERSION = YES;
				CLANG_WARN_NON_LITERAL_NULL_CONVERSION = YES;
				CLANG_WARN_OBJC_IMPLICIT_RETAIN_SELF = YES;
				CLANG_WARN_OBJC_LITERAL_CONVERSION = YES;
				CLANG_WARN_OBJC_ROOT_CLASS = YES_ERROR;
				CLANG_WARN_QUOTED_INCLUDE_IN_FRAMEWORK_HEADER = YES;
				CLANG_WARN_RANGE_LOOP_ANALYSIS = YES;
				CLANG_WARN_STRICT_PROTOTYPES = YES;
				CLANG_WARN_SUSPICIOUS_MOVE = YES;
				CLANG_WARN_UNGUARDED_AVAILABILITY = YES_AGGRESSIVE;
				CLANG_WARN_UNREACHABLE_CODE = YES;
				CLANG_WARN__DUPLICATE_METHOD_MATCH = YES;
				COPY_PHASE_STRIP = NO;
				DEBUG_INFORMATION_FORMAT = "dwarf-with-dsym";
				DEVELOPMENT_TEAM = K78G42H4U2;
				ENABLE_NS_ASSERTIONS = NO;
				ENABLE_STRICT_OBJC_MSGSEND = YES;
				ENABLE_USER_SCRIPT_SANDBOXING = YES;
				GCC_C_LANGUAGE_STANDARD = gnu11;
				GCC_NO_COMMON_BLOCKS = YES;
				GCC_WARN_64_TO_32_BIT_CONVERSION = YES;
				GCC_WARN_ABOUT_RETURN_TYPE = YES_ERROR;
				GCC_WARN_UNDECLARED_SELECTOR = YES;
				GCC_WARN_UNINITIALIZED_AUTOS = YES_AGGRESSIVE;
				GCC_WARN_UNUSED_FUNCTION = YES;
				GCC_WARN_UNUSED_VARIABLE = YES;
				IPHONEOS_DEPLOYMENT_TARGET = 26.0;
				MACOSX_DEPLOYMENT_TARGET = 26.0;
				MTL_ENABLE_DEBUG_INFO = NO;
				MTL_FAST_MATH = YES;
				PRODUCT_NAME = "$(TARGET_NAME)";
				SWIFT_COMPILATION_MODE = wholemodule;
				SWIFT_INCLUDE_PATHS = (
					"$(inherited)",
					"$(BUILD_DIR)/../../swift-collections/build/$(CONFIGURATION)$(EFFECTIVE_PLATFORM_NAME)",
				);
				SWIFT_OPTIMIZATION_LEVEL = "-O";
				SWIFT_VERSION = 6.0;
				WATCHOS_DEPLOYMENT_TARGET = 26.0;
			};
			name = Release;
		};
		EA77896EB58C8FC068CA7126 /* Release */ = {
			isa = XCBuildConfiguration;
			buildSettings = {
				ASSETCATALOG_COMPILER_APPICON_NAME = AppIcon;
				CODE_SIGN_IDENTITY = "iPhone Developer";
				CURRENT_PROJECT_VERSION = 1;
				GENERATE_INFOPLIST_FILE = NO;
				INFOPLIST_FILE = Sources/Copilot/Info.plist;
				LD_RUNPATH_SEARCH_PATHS = (
					"$(inherited)",
					"@executable_path/Frameworks",
				);
				MARKETING_VERSION = 1.0.0;
				PRODUCT_BUNDLE_IDENTIFIER = app.blau.copilot;
				PRODUCT_NAME = Copilot;
				SDKROOT = iphoneos;
				SWIFT_ACTIVE_COMPILATION_CONDITIONS = COPILOT;
				TARGETED_DEVICE_FAMILY = 1;
			};
			name = Release;
		};
		FDE6C3FCAB0FCD625160096F /* Release */ = {
			isa = XCBuildConfiguration;
			buildSettings = {
				BUNDLE_LOADER = "$(TEST_HOST)";
				GENERATE_INFOPLIST_FILE = YES;
				LD_RUNPATH_SEARCH_PATHS = (
					"$(inherited)",
					"@executable_path/Frameworks",
					"@loader_path/Frameworks",
				);
				PRODUCT_BUNDLE_IDENTIFIER = app.blau.copilot.tests;
				SDKROOT = iphoneos;
				TARGETED_DEVICE_FAMILY = "1,2";
				TEST_HOST = "$(BUILT_PRODUCTS_DIR)/Copilot.app/$(BUNDLE_EXECUTABLE_FOLDER_PATH)/Copilot";
			};
			name = Release;
		};
/* End XCBuildConfiguration section */

/* Begin XCConfigurationList section */
		0DF868AEB9C13DB9D1EF1851 /* Build configuration list for PBXNativeTarget "Pilot" */ = {
			isa = XCConfigurationList;
			buildConfigurations = (
				D8353E11C02043EF1281F3ED /* Debug */,
				0A50B1118B7355379BCE036A /* Release */,
			);
			defaultConfigurationIsVisible = 0;
			defaultConfigurationName = Debug;
		};
		169C8BA52B63E2C1002263EF /* Build configuration list for PBXNativeTarget "CopilotUITests" */ = {
			isa = XCConfigurationList;
			buildConfigurations = (
				888DA371700DF1358EFB86DC /* Debug */,
				13EA9FFE5718923E710AC664 /* Release */,
			);
			defaultConfigurationIsVisible = 0;
			defaultConfigurationName = Debug;
		};
		4E549A8B7091A8BABF0A73E9 /* Build configuration list for PBXNativeTarget "Plotter" */ = {
			isa = XCConfigurationList;
			buildConfigurations = (
				3A395BC3BD924EF764DE7422 /* Debug */,
				A708C88465979E95AA9868E1 /* Release */,
			);
			defaultConfigurationIsVisible = 0;
			defaultConfigurationName = Debug;
		};
		59D6E98AE08F409F66E31B35 /* Build configuration list for PBXNativeTarget "PlotterUITests" */ = {
			isa = XCConfigurationList;
			buildConfigurations = (
				9781C7AAB7D3517DD6B6D1DF /* Debug */,
				422660FA33E4C743103B582A /* Release */,
			);
			defaultConfigurationIsVisible = 0;
			defaultConfigurationName = Debug;
		};
		647B62FB212BF7BB19171C91 /* Build configuration list for PBXNativeTarget "PilotTests" */ = {
			isa = XCConfigurationList;
			buildConfigurations = (
				190C4C4ECE3809DAD4674BD5 /* Debug */,
				B99D185EA8698454BCBC2335 /* Release */,
			);
			defaultConfigurationIsVisible = 0;
			defaultConfigurationName = Debug;
		};
		74ADF296704D0196519381CD /* Build configuration list for PBXProject "blau" */ = {
			isa = XCConfigurationList;
			buildConfigurations = (
				25BEF14C0763464E0897051F /* Debug */,
				E0C3FDD91139D9455EAE4F6E /* Release */,
			);
			defaultConfigurationIsVisible = 0;
			defaultConfigurationName = Debug;
		};
		7EDBDE472FDC959F2CFE0302 /* Build configuration list for PBXNativeTarget "SharedTests" */ = {
			isa = XCConfigurationList;
			buildConfigurations = (
				59AA1E6D15205B64D9A86068 /* Debug */,
				FDE6C3FCAB0FCD625160096F /* Release */,
			);
			defaultConfigurationIsVisible = 0;
			defaultConfigurationName = Debug;
		};
		BA4804E5A22B054E3361B85E /* Build configuration list for PBXNativeTarget "Wingman Watch App" */ = {
			isa = XCConfigurationList;
			buildConfigurations = (
				9D5B6532F3AD9C9D312B3A24 /* Debug */,
				2693328C67C72687F4EE126A /* Release */,
			);
			defaultConfigurationIsVisible = 0;
			defaultConfigurationName = Debug;
		};
		D5808CE575BB020A9E44B655 /* Build configuration list for PBXNativeTarget "PlotterWidgets" */ = {
			isa = XCConfigurationList;
			buildConfigurations = (
				10F30199E4EFD4EAACF4879A /* Debug */,
				CE64916068E258142034396B /* Release */,
			);
			defaultConfigurationIsVisible = 0;
			defaultConfigurationName = Debug;
		};
		ED4A17FD0CB63D8A8DEF6205 /* Build configuration list for PBXNativeTarget "Copilot" */ = {
			isa = XCConfigurationList;
			buildConfigurations = (
				93B892ECF29E67078107818E /* Debug */,
				EA77896EB58C8FC068CA7126 /* Release */,
			);
			defaultConfigurationIsVisible = 0;
			defaultConfigurationName = Debug;
		};
/* End XCConfigurationList section */

/* Begin XCRemoteSwiftPackageReference section */
		50F0B147F324DFF1703BC4B0 /* XCRemoteSwiftPackageReference "WhisperKit" */ = {
			isa = XCRemoteSwiftPackageReference;
			repositoryURL = "https://github.com/argmaxinc/WhisperKit.git";
			requirement = {
				kind = upToNextMajorVersion;
				minimumVersion = 0.18.0;
			};
		};
/* End XCRemoteSwiftPackageReference section */

/* Begin XCSwiftPackageProductDependency section */
		5C1264368FD7B88CE2870492 /* WhisperKit */ = {
			isa = XCSwiftPackageProductDependency;
			package = 50F0B147F324DFF1703BC4B0 /* XCRemoteSwiftPackageReference "WhisperKit" */;
			productName = WhisperKit;
		};
/* End XCSwiftPackageProductDependency section */
	};
	rootObject = 82D0EC6B4C927437585C0414 /* Project object */;
}
